// !$*UTF8*$!
{
	archiveVersion = 1;
	classes = {
	};
	objectVersion = 50;
	objects = {

/* Begin PBXBuildFile section */
		74299F4722B0F03200A3868D /* UITableView+ZXTheme.m in Sources */ = {isa = PBXBuildFile; fileRef = 74299F4622B0F03200A3868D /* UITableView+ZXTheme.m */; };
		74299F4A22B0F0DD00A3868D /* ZXTableViewTheme.m in Sources */ = {isa = PBXBuildFile; fileRef = 74299F4922B0F0DD00A3868D /* ZXTableViewTheme.m */; };
		74533C4522B22D45005CED69 /* UICollectionView+ZXTheme.m in Sources */ = {isa = PBXBuildFile; fileRef = 74533C4422B22D45005CED69 /* UICollectionView+ZXTheme.m */; };
		74533C4822B22D7C005CED69 /* ZXCollectionViewTheme.m in Sources */ = {isa = PBXBuildFile; fileRef = 74533C4722B22D7C005CED69 /* ZXCollectionViewTheme.m */; };
		74533C4D22B37620005CED69 /* ZXFindModel.m in Sources */ = {isa = PBXBuildFile; fileRef = 74533C4C22B37620005CED69 /* ZXFindModel.m */; };
		74533C5122B37AF1005CED69 /* ZXFindCell.m in Sources */ = {isa = PBXBuildFile; fileRef = 74533C4F22B37AF1005CED69 /* ZXFindCell.m */; };
		74533C5222B37AF1005CED69 /* ZXFindCell.xib in Resources */ = {isa = PBXBuildFile; fileRef = 74533C5022B37AF1005CED69 /* ZXFindCell.xib */; };
		74533C5622B37B7E005CED69 /* ZXFindHeaderView.m in Sources */ = {isa = PBXBuildFile; fileRef = 74533C5422B37B7E005CED69 /* ZXFindHeaderView.m */; };
		74533C5722B37B7E005CED69 /* ZXFindHeaderView.xib in Resources */ = {isa = PBXBuildFile; fileRef = 74533C5522B37B7E005CED69 /* ZXFindHeaderView.xib */; };
		74533C5B22B3CF6F005CED69 /* UIBarButtonItem+ZXTheme.m in Sources */ = {isa = PBXBuildFile; fileRef = 74533C5A22B3CF6F005CED69 /* UIBarButtonItem+ZXTheme.m */; };
		74533C5E22B3CF95005CED69 /* ZXBarButtonItemTheme.m in Sources */ = {isa = PBXBuildFile; fileRef = 74533C5D22B3CF95005CED69 /* ZXBarButtonItemTheme.m */; };
		74533C6422B3DA95005CED69 /* ZXThemeCustomTool.m in Sources */ = {isa = PBXBuildFile; fileRef = 74533C6322B3DA95005CED69 /* ZXThemeCustomTool.m */; };
		74533C6822B77EC3005CED69 /* UIAlertController+ZXCustomTheme.m in Sources */ = {isa = PBXBuildFile; fileRef = 74533C6722B77EC2005CED69 /* UIAlertController+ZXCustomTheme.m */; };
		74533C6B22B77F7D005CED69 /* NSObject+ZXCustomTheme.m in Sources */ = {isa = PBXBuildFile; fileRef = 74533C6A22B77F7D005CED69 /* NSObject+ZXCustomTheme.m */; };
		74533C7E22B88DEA005CED69 /* UIView+ZXThemeCache.m in Sources */ = {isa = PBXBuildFile; fileRef = 74533C7D22B88DEA005CED69 /* UIView+ZXThemeCache.m */; };
		74533C8122B890BE005CED69 /* ZXThemeCache.m in Sources */ = {isa = PBXBuildFile; fileRef = 74533C8022B890BE005CED69 /* ZXThemeCache.m */; };
		74B63DD8229FC1C6000CF158 /* AppDelegate.m in Sources */ = {isa = PBXBuildFile; fileRef = 74B63DD7229FC1C6000CF158 /* AppDelegate.m */; };
		74B63DDB229FC1C6000CF158 /* ViewController.m in Sources */ = {isa = PBXBuildFile; fileRef = 74B63DDA229FC1C6000CF158 /* ViewController.m */; };
		74B63DDE229FC1C6000CF158 /* Main.storyboard in Resources */ = {isa = PBXBuildFile; fileRef = 74B63DDC229FC1C6000CF158 /* Main.storyboard */; };
		74B63DE0229FC1CA000CF158 /* Assets.xcassets in Resources */ = {isa = PBXBuildFile; fileRef = 74B63DDF229FC1CA000CF158 /* Assets.xcassets */; };
		74B63DE3229FC1CA000CF158 /* LaunchScreen.storyboard in Resources */ = {isa = PBXBuildFile; fileRef = 74B63DE1229FC1CA000CF158 /* LaunchScreen.storyboard */; };
		74B63DE6229FC1CA000CF158 /* main.m in Sources */ = {isa = PBXBuildFile; fileRef = 74B63DE5229FC1CA000CF158 /* main.m */; };
		74B63DF0229FC1CB000CF158 /* ZXThemeDemoTests.m in Sources */ = {isa = PBXBuildFile; fileRef = 74B63DEF229FC1CB000CF158 /* ZXThemeDemoTests.m */; };
		74B63DFB229FC1CB000CF158 /* ZXThemeDemoUITests.m in Sources */ = {isa = PBXBuildFile; fileRef = 74B63DFA229FC1CB000CF158 /* ZXThemeDemoUITests.m */; };
		74B63E0D229FC3B2000CF158 /* ZXThemeRuntime.m in Sources */ = {isa = PBXBuildFile; fileRef = 74B63E0C229FC3B2000CF158 /* ZXThemeRuntime.m */; };
		74B63E11229FC436000CF158 /* UILabel+ZXTheme.m in Sources */ = {isa = PBXBuildFile; fileRef = 74B63E10229FC436000CF158 /* UILabel+ZXTheme.m */; };
		74B63E14229FDB2F000CF158 /* ZXTheme.m in Sources */ = {isa = PBXBuildFile; fileRef = 74B63E13229FDB2F000CF158 /* ZXTheme.m */; };
		74B63E18229FE124000CF158 /* UIView+ZXTheme.m in Sources */ = {isa = PBXBuildFile; fileRef = 74B63E17229FE124000CF158 /* UIView+ZXTheme.m */; };
		74B63E1B22A005A6000CF158 /* ZXLabelTheme.m in Sources */ = {isa = PBXBuildFile; fileRef = 74B63E1A22A005A6000CF158 /* ZXLabelTheme.m */; };
		74B63E1F22A00B0D000CF158 /* ZXThemeTool.m in Sources */ = {isa = PBXBuildFile; fileRef = 74B63E1E22A00B0D000CF158 /* ZXThemeTool.m */; };
		74B63E2422A03C29000CF158 /* UIButton+ZXTheme.m in Sources */ = {isa = PBXBuildFile; fileRef = 74B63E2322A03C29000CF158 /* UIButton+ZXTheme.m */; };
		74B63E2722A03C45000CF158 /* ZXButtonTheme.m in Sources */ = {isa = PBXBuildFile; fileRef = 74B63E2622A03C45000CF158 /* ZXButtonTheme.m */; };
		74B63E2B22A0F4EA000CF158 /* UISegmentedControl+ZXTheme.m in Sources */ = {isa = PBXBuildFile; fileRef = 74B63E2A22A0F4EA000CF158 /* UISegmentedControl+ZXTheme.m */; };
		74B63E2E22A0F504000CF158 /* ZXSegmentedControlTheme.m in Sources */ = {isa = PBXBuildFile; fileRef = 74B63E2D22A0F504000CF158 /* ZXSegmentedControlTheme.m */; };
		74B63E3222A0FC28000CF158 /* UITextField+ZXTheme.m in Sources */ = {isa = PBXBuildFile; fileRef = 74B63E3122A0FC28000CF158 /* UITextField+ZXTheme.m */; };
		74B63E3522A0FC4F000CF158 /* ZXTextFieldTheme.m in Sources */ = {isa = PBXBuildFile; fileRef = 74B63E3422A0FC4F000CF158 /* ZXTextFieldTheme.m */; };
		74C1671522A7696600913E4B /* UITabBarItem+ZXTheme.m in Sources */ = {isa = PBXBuildFile; fileRef = 74C1671422A7696600913E4B /* UITabBarItem+ZXTheme.m */; };
		74C1671822A7795800913E4B /* ZXTabBarItemTheme.m in Sources */ = {isa = PBXBuildFile; fileRef = 74C1671722A7795800913E4B /* ZXTabBarItemTheme.m */; };
		74C1671D22A79B2800913E4B /* UINavigationBar+ZXTheme.m in Sources */ = {isa = PBXBuildFile; fileRef = 74C1671C22A79B2800913E4B /* UINavigationBar+ZXTheme.m */; };
		74C1672022A79B4200913E4B /* ZXNavigationBarTheme.m in Sources */ = {isa = PBXBuildFile; fileRef = 74C1671F22A79B4200913E4B /* ZXNavigationBarTheme.m */; };
		74C1672422A8101F00913E4B /* ZXMeHeaderView.m in Sources */ = {isa = PBXBuildFile; fileRef = 74C1672322A8101F00913E4B /* ZXMeHeaderView.m */; };
		74C1672622A8102E00913E4B /* ZXMeHeaderView.xib in Resources */ = {isa = PBXBuildFile; fileRef = 74C1672522A8102E00913E4B /* ZXMeHeaderView.xib */; };
		74C1672A22A811AB00913E4B /* ZXMeCell.m in Sources */ = {isa = PBXBuildFile; fileRef = 74C1672822A811AB00913E4B /* ZXMeCell.m */; };
		74C1672B22A811AB00913E4B /* ZXMeCell.xib in Resources */ = {isa = PBXBuildFile; fileRef = 74C1672922A811AB00913E4B /* ZXMeCell.xib */; };
		74C1672F22A8136700913E4B /* ZXMeModel.m in Sources */ = {isa = PBXBuildFile; fileRef = 74C1672E22A8136700913E4B /* ZXMeModel.m */; };
		74E0EB0C22A12050009725BA /* UISlider+ZXTheme.m in Sources */ = {isa = PBXBuildFile; fileRef = 74E0EB0B22A12050009725BA /* UISlider+ZXTheme.m */; };
		74E0EB0F22A120FB009725BA /* ZXSliderTheme.m in Sources */ = {isa = PBXBuildFile; fileRef = 74E0EB0E22A120FB009725BA /* ZXSliderTheme.m */; };
		74E0EB1322A12C83009725BA /* UISwitch+ZXTheme.m in Sources */ = {isa = PBXBuildFile; fileRef = 74E0EB1222A12C83009725BA /* UISwitch+ZXTheme.m */; };
		74E0EB1622A12C9C009725BA /* ZXSwitchTheme.m in Sources */ = {isa = PBXBuildFile; fileRef = 74E0EB1522A12C9C009725BA /* ZXSwitchTheme.m */; };
		74E0EB1A22A13220009725BA /* UIActivityIndicatorView+ZXTheme.m in Sources */ = {isa = PBXBuildFile; fileRef = 74E0EB1922A13220009725BA /* UIActivityIndicatorView+ZXTheme.m */; };
		74E0EB1D22A1323A009725BA /* ZXActivityIndicatorViewTheme.m in Sources */ = {isa = PBXBuildFile; fileRef = 74E0EB1C22A1323A009725BA /* ZXActivityIndicatorViewTheme.m */; };
		74E0EB2122A4E120009725BA /* UIProgressView+ZXTheme.m in Sources */ = {isa = PBXBuildFile; fileRef = 74E0EB2022A4E120009725BA /* UIProgressView+ZXTheme.m */; };
		74E0EB2422A4E13A009725BA /* ZXProgressViewTheme.m in Sources */ = {isa = PBXBuildFile; fileRef = 74E0EB2322A4E13A009725BA /* ZXProgressViewTheme.m */; };
		74E0EB2822A4ED19009725BA /* UIPageControl+ZXTheme.m in Sources */ = {isa = PBXBuildFile; fileRef = 74E0EB2722A4ED19009725BA /* UIPageControl+ZXTheme.m */; };
		74E0EB2B22A4ED2D009725BA /* ZXPageControlTheme.m in Sources */ = {isa = PBXBuildFile; fileRef = 74E0EB2A22A4ED2D009725BA /* ZXPageControlTheme.m */; };
		74E0EB2F22A4F183009725BA /* UIStepper+ZXTheme.m in Sources */ = {isa = PBXBuildFile; fileRef = 74E0EB2E22A4F183009725BA /* UIStepper+ZXTheme.m */; };
		74E0EB3222A4F25E009725BA /* ZXStepperTheme.m in Sources */ = {isa = PBXBuildFile; fileRef = 74E0EB3122A4F25E009725BA /* ZXStepperTheme.m */; };
		74E0EB3622A4F4CC009725BA /* UIImageView+ZXTheme.m in Sources */ = {isa = PBXBuildFile; fileRef = 74E0EB3522A4F4CC009725BA /* UIImageView+ZXTheme.m */; };
		74E0EB3922A4F4E8009725BA /* ZXImageViewTheme.m in Sources */ = {isa = PBXBuildFile; fileRef = 74E0EB3822A4F4E8009725BA /* ZXImageViewTheme.m */; };
		74E0EB3D22A4FAE7009725BA /* UIImage+ZXTheme.m in Sources */ = {isa = PBXBuildFile; fileRef = 74E0EB3C22A4FAE7009725BA /* UIImage+ZXTheme.m */; };
		74E0EB4122A50171009725BA /* UITextView+ZXTheme.m in Sources */ = {isa = PBXBuildFile; fileRef = 74E0EB4022A50171009725BA /* UITextView+ZXTheme.m */; };
		74E0EB4422A50186009725BA /* ZXTextViewTheme.m in Sources */ = {isa = PBXBuildFile; fileRef = 74E0EB4322A50186009725BA /* ZXTextViewTheme.m */; };
		74E0EB4822A50569009725BA /* ZXViewTheme.m in Sources */ = {isa = PBXBuildFile; fileRef = 74E0EB4722A50569009725BA /* ZXViewTheme.m */; };
		74E0EB5B22A6479F009725BA /* ZXTabbarVC.m in Sources */ = {isa = PBXBuildFile; fileRef = 74E0EB5A22A6479F009725BA /* ZXTabbarVC.m */; };
		74E0EB5E22A6481A009725BA /* ZXNavVC.m in Sources */ = {isa = PBXBuildFile; fileRef = 74E0EB5D22A6481A009725BA /* ZXNavVC.m */; };
		74E0EB6122A6485C009725BA /* ZXBaseVC.m in Sources */ = {isa = PBXBuildFile; fileRef = 74E0EB6022A6485C009725BA /* ZXBaseVC.m */; };
		74E0EB6622A64966009725BA /* ZXHomeVC.m in Sources */ = {isa = PBXBuildFile; fileRef = 74E0EB6422A64966009725BA /* ZXHomeVC.m */; };
		74E0EB6722A64966009725BA /* ZXHomeVC.xib in Resources */ = {isa = PBXBuildFile; fileRef = 74E0EB6522A64966009725BA /* ZXHomeVC.xib */; };
		74E0EB6C22A649EA009725BA /* ZXFindVC.m in Sources */ = {isa = PBXBuildFile; fileRef = 74E0EB6B22A649E9009725BA /* ZXFindVC.m */; };
		74E0EB7022A649FB009725BA /* ZXMeVC.m in Sources */ = {isa = PBXBuildFile; fileRef = 74E0EB6E22A649FB009725BA /* ZXMeVC.m */; };
		74E0EB7122A649FB009725BA /* ZXMeVC.xib in Resources */ = {isa = PBXBuildFile; fileRef = 74E0EB6F22A649FB009725BA /* ZXMeVC.xib */; };
		74E0EB7522A6CEAD009725BA /* UITabBar+ZXTheme.m in Sources */ = {isa = PBXBuildFile; fileRef = 74E0EB7422A6CEAD009725BA /* UITabBar+ZXTheme.m */; };
		74E0EB7822A6CEC6009725BA /* ZXTabBarTheme.m in Sources */ = {isa = PBXBuildFile; fileRef = 74E0EB7722A6CEC6009725BA /* ZXTabBarTheme.m */; };
		AD3C7DD503369BA813CFA016 /* libPods-ZXThemeDemo.a in Frameworks */ = {isa = PBXBuildFile; fileRef = 47B33C460324DAB13CC61929 /* libPods-ZXThemeDemo.a */; };
/* End PBXBuildFile section */

/* Begin PBXContainerItemProxy section */
		74B63DEC229FC1CB000CF158 /* PBXContainerItemProxy */ = {
			isa = PBXContainerItemProxy;
			containerPortal = 74B63DCB229FC1C6000CF158 /* Project object */;
			proxyType = 1;
			remoteGlobalIDString = 74B63DD2229FC1C6000CF158;
			remoteInfo = ZXThemeDemo;
		};
		74B63DF7229FC1CB000CF158 /* PBXContainerItemProxy */ = {
			isa = PBXContainerItemProxy;
			containerPortal = 74B63DCB229FC1C6000CF158 /* Project object */;
			proxyType = 1;
			remoteGlobalIDString = 74B63DD2229FC1C6000CF158;
			remoteInfo = ZXThemeDemo;
		};
/* End PBXContainerItemProxy section */

/* Begin PBXFileReference section */
		47B33C460324DAB13CC61929 /* libPods-ZXThemeDemo.a */ = {isa = PBXFileReference; explicitFileType = archive.ar; includeInIndex = 0; path = "libPods-ZXThemeDemo.a"; sourceTree = BUILT_PRODUCTS_DIR; };
		74299F4522B0F03200A3868D /* UITableView+ZXTheme.h */ = {isa = PBXFileReference; lastKnownFileType = sourcecode.c.h; path = "UITableView+ZXTheme.h"; sourceTree = "<group>"; };
		74299F4622B0F03200A3868D /* UITableView+ZXTheme.m */ = {isa = PBXFileReference; lastKnownFileType = sourcecode.c.objc; path = "UITableView+ZXTheme.m"; sourceTree = "<group>"; };
		74299F4822B0F0DD00A3868D /* ZXTableViewTheme.h */ = {isa = PBXFileReference; lastKnownFileType = sourcecode.c.h; path = ZXTableViewTheme.h; sourceTree = "<group>"; };
		74299F4922B0F0DD00A3868D /* ZXTableViewTheme.m */ = {isa = PBXFileReference; lastKnownFileType = sourcecode.c.objc; path = ZXTableViewTheme.m; sourceTree = "<group>"; };
		74533C4322B22D45005CED69 /* UICollectionView+ZXTheme.h */ = {isa = PBXFileReference; lastKnownFileType = sourcecode.c.h; path = "UICollectionView+ZXTheme.h"; sourceTree = "<group>"; };
		74533C4422B22D45005CED69 /* UICollectionView+ZXTheme.m */ = {isa = PBXFileReference; lastKnownFileType = sourcecode.c.objc; path = "UICollectionView+ZXTheme.m"; sourceTree = "<group>"; };
		74533C4622B22D7C005CED69 /* ZXCollectionViewTheme.h */ = {isa = PBXFileReference; lastKnownFileType = sourcecode.c.h; path = ZXCollectionViewTheme.h; sourceTree = "<group>"; };
		74533C4722B22D7C005CED69 /* ZXCollectionViewTheme.m */ = {isa = PBXFileReference; lastKnownFileType = sourcecode.c.objc; path = ZXCollectionViewTheme.m; sourceTree = "<group>"; };
		74533C4B22B37620005CED69 /* ZXFindModel.h */ = {isa = PBXFileReference; lastKnownFileType = sourcecode.c.h; path = ZXFindModel.h; sourceTree = "<group>"; };
		74533C4C22B37620005CED69 /* ZXFindModel.m */ = {isa = PBXFileReference; lastKnownFileType = sourcecode.c.objc; path = ZXFindModel.m; sourceTree = "<group>"; };
		74533C4E22B37AF1005CED69 /* ZXFindCell.h */ = {isa = PBXFileReference; lastKnownFileType = sourcecode.c.h; path = ZXFindCell.h; sourceTree = "<group>"; };
		74533C4F22B37AF1005CED69 /* ZXFindCell.m */ = {isa = PBXFileReference; lastKnownFileType = sourcecode.c.objc; path = ZXFindCell.m; sourceTree = "<group>"; };
		74533C5022B37AF1005CED69 /* ZXFindCell.xib */ = {isa = PBXFileReference; lastKnownFileType = file.xib; path = ZXFindCell.xib; sourceTree = "<group>"; };
		74533C5322B37B7E005CED69 /* ZXFindHeaderView.h */ = {isa = PBXFileReference; lastKnownFileType = sourcecode.c.h; path = ZXFindHeaderView.h; sourceTree = "<group>"; };
		74533C5422B37B7E005CED69 /* ZXFindHeaderView.m */ = {isa = PBXFileReference; lastKnownFileType = sourcecode.c.objc; path = ZXFindHeaderView.m; sourceTree = "<group>"; };
		74533C5522B37B7E005CED69 /* ZXFindHeaderView.xib */ = {isa = PBXFileReference; lastKnownFileType = file.xib; path = ZXFindHeaderView.xib; sourceTree = "<group>"; };
		74533C5922B3CF6F005CED69 /* UIBarButtonItem+ZXTheme.h */ = {isa = PBXFileReference; lastKnownFileType = sourcecode.c.h; path = "UIBarButtonItem+ZXTheme.h"; sourceTree = "<group>"; };
		74533C5A22B3CF6F005CED69 /* UIBarButtonItem+ZXTheme.m */ = {isa = PBXFileReference; lastKnownFileType = sourcecode.c.objc; path = "UIBarButtonItem+ZXTheme.m"; sourceTree = "<group>"; };
		74533C5C22B3CF95005CED69 /* ZXBarButtonItemTheme.h */ = {isa = PBXFileReference; lastKnownFileType = sourcecode.c.h; path = ZXBarButtonItemTheme.h; sourceTree = "<group>"; };
		74533C5D22B3CF95005CED69 /* ZXBarButtonItemTheme.m */ = {isa = PBXFileReference; lastKnownFileType = sourcecode.c.objc; path = ZXBarButtonItemTheme.m; sourceTree = "<group>"; };
		74533C6222B3DA95005CED69 /* ZXThemeCustomTool.h */ = {isa = PBXFileReference; lastKnownFileType = sourcecode.c.h; path = ZXThemeCustomTool.h; sourceTree = "<group>"; };
		74533C6322B3DA95005CED69 /* ZXThemeCustomTool.m */ = {isa = PBXFileReference; lastKnownFileType = sourcecode.c.objc; path = ZXThemeCustomTool.m; sourceTree = "<group>"; };
		74533C6622B77EC2005CED69 /* UIAlertController+ZXCustomTheme.h */ = {isa = PBXFileReference; lastKnownFileType = sourcecode.c.h; path = "UIAlertController+ZXCustomTheme.h"; sourceTree = "<group>"; };
		74533C6722B77EC2005CED69 /* UIAlertController+ZXCustomTheme.m */ = {isa = PBXFileReference; lastKnownFileType = sourcecode.c.objc; path = "UIAlertController+ZXCustomTheme.m"; sourceTree = "<group>"; };
		74533C6922B77F7D005CED69 /* NSObject+ZXCustomTheme.h */ = {isa = PBXFileReference; lastKnownFileType = sourcecode.c.h; path = "NSObject+ZXCustomTheme.h"; sourceTree = "<group>"; };
		74533C6A22B77F7D005CED69 /* NSObject+ZXCustomTheme.m */ = {isa = PBXFileReference; lastKnownFileType = sourcecode.c.objc; path = "NSObject+ZXCustomTheme.m"; sourceTree = "<group>"; };
		74533C7C22B88DEA005CED69 /* UIView+ZXThemeCache.h */ = {isa = PBXFileReference; lastKnownFileType = sourcecode.c.h; path = "UIView+ZXThemeCache.h"; sourceTree = "<group>"; };
		74533C7D22B88DEA005CED69 /* UIView+ZXThemeCache.m */ = {isa = PBXFileReference; lastKnownFileType = sourcecode.c.objc; path = "UIView+ZXThemeCache.m"; sourceTree = "<group>"; };
		74533C7F22B890BE005CED69 /* ZXThemeCache.h */ = {isa = PBXFileReference; lastKnownFileType = sourcecode.c.h; path = ZXThemeCache.h; sourceTree = "<group>"; };
		74533C8022B890BE005CED69 /* ZXThemeCache.m */ = {isa = PBXFileReference; lastKnownFileType = sourcecode.c.objc; path = ZXThemeCache.m; sourceTree = "<group>"; };
		74B63DD3229FC1C6000CF158 /* ZXThemeDemo.app */ = {isa = PBXFileReference; explicitFileType = wrapper.application; includeInIndex = 0; path = ZXThemeDemo.app; sourceTree = BUILT_PRODUCTS_DIR; };
		74B63DD6229FC1C6000CF158 /* AppDelegate.h */ = {isa = PBXFileReference; lastKnownFileType = sourcecode.c.h; path = AppDelegate.h; sourceTree = "<group>"; };
		74B63DD7229FC1C6000CF158 /* AppDelegate.m */ = {isa = PBXFileReference; lastKnownFileType = sourcecode.c.objc; path = AppDelegate.m; sourceTree = "<group>"; };
		74B63DD9229FC1C6000CF158 /* ViewController.h */ = {isa = PBXFileReference; lastKnownFileType = sourcecode.c.h; path = ViewController.h; sourceTree = "<group>"; };
		74B63DDA229FC1C6000CF158 /* ViewController.m */ = {isa = PBXFileReference; lastKnownFileType = sourcecode.c.objc; path = ViewController.m; sourceTree = "<group>"; };
		74B63DDD229FC1C6000CF158 /* Base */ = {isa = PBXFileReference; lastKnownFileType = file.storyboard; name = Base; path = Base.lproj/Main.storyboard; sourceTree = "<group>"; };
		74B63DDF229FC1CA000CF158 /* Assets.xcassets */ = {isa = PBXFileReference; lastKnownFileType = folder.assetcatalog; path = Assets.xcassets; sourceTree = "<group>"; };
		74B63DE2229FC1CA000CF158 /* Base */ = {isa = PBXFileReference; lastKnownFileType = file.storyboard; name = Base; path = Base.lproj/LaunchScreen.storyboard; sourceTree = "<group>"; };
		74B63DE4229FC1CA000CF158 /* Info.plist */ = {isa = PBXFileReference; lastKnownFileType = text.plist.xml; path = Info.plist; sourceTree = "<group>"; };
		74B63DE5229FC1CA000CF158 /* main.m */ = {isa = PBXFileReference; lastKnownFileType = sourcecode.c.objc; path = main.m; sourceTree = "<group>"; };
		74B63DEB229FC1CB000CF158 /* ZXThemeDemoTests.xctest */ = {isa = PBXFileReference; explicitFileType = wrapper.cfbundle; includeInIndex = 0; path = ZXThemeDemoTests.xctest; sourceTree = BUILT_PRODUCTS_DIR; };
		74B63DEF229FC1CB000CF158 /* ZXThemeDemoTests.m */ = {isa = PBXFileReference; lastKnownFileType = sourcecode.c.objc; path = ZXThemeDemoTests.m; sourceTree = "<group>"; };
		74B63DF1229FC1CB000CF158 /* Info.plist */ = {isa = PBXFileReference; lastKnownFileType = text.plist.xml; path = Info.plist; sourceTree = "<group>"; };
		74B63DF6229FC1CB000CF158 /* ZXThemeDemoUITests.xctest */ = {isa = PBXFileReference; explicitFileType = wrapper.cfbundle; includeInIndex = 0; path = ZXThemeDemoUITests.xctest; sourceTree = BUILT_PRODUCTS_DIR; };
		74B63DFA229FC1CB000CF158 /* ZXThemeDemoUITests.m */ = {isa = PBXFileReference; lastKnownFileType = sourcecode.c.objc; path = ZXThemeDemoUITests.m; sourceTree = "<group>"; };
		74B63DFC229FC1CB000CF158 /* Info.plist */ = {isa = PBXFileReference; lastKnownFileType = text.plist.xml; path = Info.plist; sourceTree = "<group>"; };
		74B63E0B229FC3B2000CF158 /* ZXThemeRuntime.h */ = {isa = PBXFileReference; lastKnownFileType = sourcecode.c.h; path = ZXThemeRuntime.h; sourceTree = "<group>"; };
		74B63E0C229FC3B2000CF158 /* ZXThemeRuntime.m */ = {isa = PBXFileReference; lastKnownFileType = sourcecode.c.objc; path = ZXThemeRuntime.m; sourceTree = "<group>"; };
		74B63E0F229FC436000CF158 /* UILabel+ZXTheme.h */ = {isa = PBXFileReference; lastKnownFileType = sourcecode.c.h; path = "UILabel+ZXTheme.h"; sourceTree = "<group>"; };
		74B63E10229FC436000CF158 /* UILabel+ZXTheme.m */ = {isa = PBXFileReference; lastKnownFileType = sourcecode.c.objc; path = "UILabel+ZXTheme.m"; sourceTree = "<group>"; };
		74B63E12229FDB2F000CF158 /* ZXTheme.h */ = {isa = PBXFileReference; lastKnownFileType = sourcecode.c.h; path = ZXTheme.h; sourceTree = "<group>"; };
		74B63E13229FDB2F000CF158 /* ZXTheme.m */ = {isa = PBXFileReference; lastKnownFileType = sourcecode.c.objc; path = ZXTheme.m; sourceTree = "<group>"; };
		74B63E16229FE124000CF158 /* UIView+ZXTheme.h */ = {isa = PBXFileReference; lastKnownFileType = sourcecode.c.h; path = "UIView+ZXTheme.h"; sourceTree = "<group>"; };
		74B63E17229FE124000CF158 /* UIView+ZXTheme.m */ = {isa = PBXFileReference; lastKnownFileType = sourcecode.c.objc; path = "UIView+ZXTheme.m"; sourceTree = "<group>"; };
		74B63E1922A005A6000CF158 /* ZXLabelTheme.h */ = {isa = PBXFileReference; lastKnownFileType = sourcecode.c.h; path = ZXLabelTheme.h; sourceTree = "<group>"; };
		74B63E1A22A005A6000CF158 /* ZXLabelTheme.m */ = {isa = PBXFileReference; lastKnownFileType = sourcecode.c.objc; path = ZXLabelTheme.m; sourceTree = "<group>"; };
		74B63E1D22A00B0D000CF158 /* ZXThemeTool.h */ = {isa = PBXFileReference; lastKnownFileType = sourcecode.c.h; path = ZXThemeTool.h; sourceTree = "<group>"; };
		74B63E1E22A00B0D000CF158 /* ZXThemeTool.m */ = {isa = PBXFileReference; lastKnownFileType = sourcecode.c.objc; path = ZXThemeTool.m; sourceTree = "<group>"; };
		74B63E2022A02ECB000CF158 /* ZXThemeDefind.h */ = {isa = PBXFileReference; lastKnownFileType = sourcecode.c.h; path = ZXThemeDefind.h; sourceTree = "<group>"; };
		74B63E2222A03C29000CF158 /* UIButton+ZXTheme.h */ = {isa = PBXFileReference; lastKnownFileType = sourcecode.c.h; path = "UIButton+ZXTheme.h"; sourceTree = "<group>"; };
		74B63E2322A03C29000CF158 /* UIButton+ZXTheme.m */ = {isa = PBXFileReference; lastKnownFileType = sourcecode.c.objc; path = "UIButton+ZXTheme.m"; sourceTree = "<group>"; };
		74B63E2522A03C45000CF158 /* ZXButtonTheme.h */ = {isa = PBXFileReference; lastKnownFileType = sourcecode.c.h; path = ZXButtonTheme.h; sourceTree = "<group>"; };
		74B63E2622A03C45000CF158 /* ZXButtonTheme.m */ = {isa = PBXFileReference; lastKnownFileType = sourcecode.c.objc; path = ZXButtonTheme.m; sourceTree = "<group>"; };
		74B63E2922A0F4EA000CF158 /* UISegmentedControl+ZXTheme.h */ = {isa = PBXFileReference; lastKnownFileType = sourcecode.c.h; path = "UISegmentedControl+ZXTheme.h"; sourceTree = "<group>"; };
		74B63E2A22A0F4EA000CF158 /* UISegmentedControl+ZXTheme.m */ = {isa = PBXFileReference; lastKnownFileType = sourcecode.c.objc; path = "UISegmentedControl+ZXTheme.m"; sourceTree = "<group>"; };
		74B63E2C22A0F504000CF158 /* ZXSegmentedControlTheme.h */ = {isa = PBXFileReference; lastKnownFileType = sourcecode.c.h; path = ZXSegmentedControlTheme.h; sourceTree = "<group>"; };
		74B63E2D22A0F504000CF158 /* ZXSegmentedControlTheme.m */ = {isa = PBXFileReference; lastKnownFileType = sourcecode.c.objc; path = ZXSegmentedControlTheme.m; sourceTree = "<group>"; };
		74B63E3022A0FC28000CF158 /* UITextField+ZXTheme.h */ = {isa = PBXFileReference; lastKnownFileType = sourcecode.c.h; path = "UITextField+ZXTheme.h"; sourceTree = "<group>"; };
		74B63E3122A0FC28000CF158 /* UITextField+ZXTheme.m */ = {isa = PBXFileReference; lastKnownFileType = sourcecode.c.objc; path = "UITextField+ZXTheme.m"; sourceTree = "<group>"; };
		74B63E3322A0FC4F000CF158 /* ZXTextFieldTheme.h */ = {isa = PBXFileReference; lastKnownFileType = sourcecode.c.h; path = ZXTextFieldTheme.h; sourceTree = "<group>"; };
		74B63E3422A0FC4F000CF158 /* ZXTextFieldTheme.m */ = {isa = PBXFileReference; lastKnownFileType = sourcecode.c.objc; path = ZXTextFieldTheme.m; sourceTree = "<group>"; };
		74C1671322A7696600913E4B /* UITabBarItem+ZXTheme.h */ = {isa = PBXFileReference; lastKnownFileType = sourcecode.c.h; path = "UITabBarItem+ZXTheme.h"; sourceTree = "<group>"; };
		74C1671422A7696600913E4B /* UITabBarItem+ZXTheme.m */ = {isa = PBXFileReference; lastKnownFileType = sourcecode.c.objc; path = "UITabBarItem+ZXTheme.m"; sourceTree = "<group>"; };
		74C1671622A7795800913E4B /* ZXTabBarItemTheme.h */ = {isa = PBXFileReference; lastKnownFileType = sourcecode.c.h; path = ZXTabBarItemTheme.h; sourceTree = "<group>"; };
		74C1671722A7795800913E4B /* ZXTabBarItemTheme.m */ = {isa = PBXFileReference; lastKnownFileType = sourcecode.c.objc; path = ZXTabBarItemTheme.m; sourceTree = "<group>"; };
		74C1671B22A79B2800913E4B /* UINavigationBar+ZXTheme.h */ = {isa = PBXFileReference; lastKnownFileType = sourcecode.c.h; path = "UINavigationBar+ZXTheme.h"; sourceTree = "<group>"; };
		74C1671C22A79B2800913E4B /* UINavigationBar+ZXTheme.m */ = {isa = PBXFileReference; lastKnownFileType = sourcecode.c.objc; path = "UINavigationBar+ZXTheme.m"; sourceTree = "<group>"; };
		74C1671E22A79B4200913E4B /* ZXNavigationBarTheme.h */ = {isa = PBXFileReference; lastKnownFileType = sourcecode.c.h; path = ZXNavigationBarTheme.h; sourceTree = "<group>"; };
		74C1671F22A79B4200913E4B /* ZXNavigationBarTheme.m */ = {isa = PBXFileReference; lastKnownFileType = sourcecode.c.objc; path = ZXNavigationBarTheme.m; sourceTree = "<group>"; };
		74C1672222A8101E00913E4B /* ZXMeHeaderView.h */ = {isa = PBXFileReference; lastKnownFileType = sourcecode.c.h; path = ZXMeHeaderView.h; sourceTree = "<group>"; };
		74C1672322A8101F00913E4B /* ZXMeHeaderView.m */ = {isa = PBXFileReference; lastKnownFileType = sourcecode.c.objc; path = ZXMeHeaderView.m; sourceTree = "<group>"; };
		74C1672522A8102E00913E4B /* ZXMeHeaderView.xib */ = {isa = PBXFileReference; lastKnownFileType = file.xib; path = ZXMeHeaderView.xib; sourceTree = "<group>"; };
		74C1672722A811AB00913E4B /* ZXMeCell.h */ = {isa = PBXFileReference; lastKnownFileType = sourcecode.c.h; path = ZXMeCell.h; sourceTree = "<group>"; };
		74C1672822A811AB00913E4B /* ZXMeCell.m */ = {isa = PBXFileReference; lastKnownFileType = sourcecode.c.objc; path = ZXMeCell.m; sourceTree = "<group>"; };
		74C1672922A811AB00913E4B /* ZXMeCell.xib */ = {isa = PBXFileReference; lastKnownFileType = file.xib; path = ZXMeCell.xib; sourceTree = "<group>"; };
		74C1672D22A8136700913E4B /* ZXMeModel.h */ = {isa = PBXFileReference; lastKnownFileType = sourcecode.c.h; path = ZXMeModel.h; sourceTree = "<group>"; };
		74C1672E22A8136700913E4B /* ZXMeModel.m */ = {isa = PBXFileReference; lastKnownFileType = sourcecode.c.objc; path = ZXMeModel.m; sourceTree = "<group>"; };
		74E0EB0A22A12050009725BA /* UISlider+ZXTheme.h */ = {isa = PBXFileReference; lastKnownFileType = sourcecode.c.h; path = "UISlider+ZXTheme.h"; sourceTree = "<group>"; };
		74E0EB0B22A12050009725BA /* UISlider+ZXTheme.m */ = {isa = PBXFileReference; lastKnownFileType = sourcecode.c.objc; path = "UISlider+ZXTheme.m"; sourceTree = "<group>"; };
		74E0EB0D22A120FB009725BA /* ZXSliderTheme.h */ = {isa = PBXFileReference; lastKnownFileType = sourcecode.c.h; path = ZXSliderTheme.h; sourceTree = "<group>"; };
		74E0EB0E22A120FB009725BA /* ZXSliderTheme.m */ = {isa = PBXFileReference; lastKnownFileType = sourcecode.c.objc; path = ZXSliderTheme.m; sourceTree = "<group>"; };
		74E0EB1122A12C83009725BA /* UISwitch+ZXTheme.h */ = {isa = PBXFileReference; lastKnownFileType = sourcecode.c.h; path = "UISwitch+ZXTheme.h"; sourceTree = "<group>"; };
		74E0EB1222A12C83009725BA /* UISwitch+ZXTheme.m */ = {isa = PBXFileReference; lastKnownFileType = sourcecode.c.objc; path = "UISwitch+ZXTheme.m"; sourceTree = "<group>"; };
		74E0EB1422A12C9C009725BA /* ZXSwitchTheme.h */ = {isa = PBXFileReference; lastKnownFileType = sourcecode.c.h; path = ZXSwitchTheme.h; sourceTree = "<group>"; };
		74E0EB1522A12C9C009725BA /* ZXSwitchTheme.m */ = {isa = PBXFileReference; lastKnownFileType = sourcecode.c.objc; path = ZXSwitchTheme.m; sourceTree = "<group>"; };
		74E0EB1822A13220009725BA /* UIActivityIndicatorView+ZXTheme.h */ = {isa = PBXFileReference; lastKnownFileType = sourcecode.c.h; path = "UIActivityIndicatorView+ZXTheme.h"; sourceTree = "<group>"; };
		74E0EB1922A13220009725BA /* UIActivityIndicatorView+ZXTheme.m */ = {isa = PBXFileReference; lastKnownFileType = sourcecode.c.objc; path = "UIActivityIndicatorView+ZXTheme.m"; sourceTree = "<group>"; };
		74E0EB1B22A1323A009725BA /* ZXActivityIndicatorViewTheme.h */ = {isa = PBXFileReference; lastKnownFileType = sourcecode.c.h; path = ZXActivityIndicatorViewTheme.h; sourceTree = "<group>"; };
		74E0EB1C22A1323A009725BA /* ZXActivityIndicatorViewTheme.m */ = {isa = PBXFileReference; lastKnownFileType = sourcecode.c.objc; path = ZXActivityIndicatorViewTheme.m; sourceTree = "<group>"; };
		74E0EB1F22A4E120009725BA /* UIProgressView+ZXTheme.h */ = {isa = PBXFileReference; lastKnownFileType = sourcecode.c.h; path = "UIProgressView+ZXTheme.h"; sourceTree = "<group>"; };
		74E0EB2022A4E120009725BA /* UIProgressView+ZXTheme.m */ = {isa = PBXFileReference; lastKnownFileType = sourcecode.c.objc; path = "UIProgressView+ZXTheme.m"; sourceTree = "<group>"; };
		74E0EB2222A4E13A009725BA /* ZXProgressViewTheme.h */ = {isa = PBXFileReference; lastKnownFileType = sourcecode.c.h; path = ZXProgressViewTheme.h; sourceTree = "<group>"; };
		74E0EB2322A4E13A009725BA /* ZXProgressViewTheme.m */ = {isa = PBXFileReference; lastKnownFileType = sourcecode.c.objc; path = ZXProgressViewTheme.m; sourceTree = "<group>"; };
		74E0EB2622A4ED19009725BA /* UIPageControl+ZXTheme.h */ = {isa = PBXFileReference; lastKnownFileType = sourcecode.c.h; path = "UIPageControl+ZXTheme.h"; sourceTree = "<group>"; };
		74E0EB2722A4ED19009725BA /* UIPageControl+ZXTheme.m */ = {isa = PBXFileReference; lastKnownFileType = sourcecode.c.objc; path = "UIPageControl+ZXTheme.m"; sourceTree = "<group>"; };
		74E0EB2922A4ED2D009725BA /* ZXPageControlTheme.h */ = {isa = PBXFileReference; lastKnownFileType = sourcecode.c.h; path = ZXPageControlTheme.h; sourceTree = "<group>"; };
		74E0EB2A22A4ED2D009725BA /* ZXPageControlTheme.m */ = {isa = PBXFileReference; lastKnownFileType = sourcecode.c.objc; path = ZXPageControlTheme.m; sourceTree = "<group>"; };
		74E0EB2D22A4F183009725BA /* UIStepper+ZXTheme.h */ = {isa = PBXFileReference; lastKnownFileType = sourcecode.c.h; path = "UIStepper+ZXTheme.h"; sourceTree = "<group>"; };
		74E0EB2E22A4F183009725BA /* UIStepper+ZXTheme.m */ = {isa = PBXFileReference; lastKnownFileType = sourcecode.c.objc; path = "UIStepper+ZXTheme.m"; sourceTree = "<group>"; };
		74E0EB3022A4F25E009725BA /* ZXStepperTheme.h */ = {isa = PBXFileReference; lastKnownFileType = sourcecode.c.h; path = ZXStepperTheme.h; sourceTree = "<group>"; };
		74E0EB3122A4F25E009725BA /* ZXStepperTheme.m */ = {isa = PBXFileReference; lastKnownFileType = sourcecode.c.objc; path = ZXStepperTheme.m; sourceTree = "<group>"; };
		74E0EB3422A4F4CC009725BA /* UIImageView+ZXTheme.h */ = {isa = PBXFileReference; lastKnownFileType = sourcecode.c.h; path = "UIImageView+ZXTheme.h"; sourceTree = "<group>"; };
		74E0EB3522A4F4CC009725BA /* UIImageView+ZXTheme.m */ = {isa = PBXFileReference; lastKnownFileType = sourcecode.c.objc; path = "UIImageView+ZXTheme.m"; sourceTree = "<group>"; };
		74E0EB3722A4F4E8009725BA /* ZXImageViewTheme.h */ = {isa = PBXFileReference; lastKnownFileType = sourcecode.c.h; path = ZXImageViewTheme.h; sourceTree = "<group>"; };
		74E0EB3822A4F4E8009725BA /* ZXImageViewTheme.m */ = {isa = PBXFileReference; lastKnownFileType = sourcecode.c.objc; path = ZXImageViewTheme.m; sourceTree = "<group>"; };
		74E0EB3B22A4FAE7009725BA /* UIImage+ZXTheme.h */ = {isa = PBXFileReference; lastKnownFileType = sourcecode.c.h; path = "UIImage+ZXTheme.h"; sourceTree = "<group>"; };
		74E0EB3C22A4FAE7009725BA /* UIImage+ZXTheme.m */ = {isa = PBXFileReference; lastKnownFileType = sourcecode.c.objc; path = "UIImage+ZXTheme.m"; sourceTree = "<group>"; };
		74E0EB3F22A50171009725BA /* UITextView+ZXTheme.h */ = {isa = PBXFileReference; lastKnownFileType = sourcecode.c.h; path = "UITextView+ZXTheme.h"; sourceTree = "<group>"; };
		74E0EB4022A50171009725BA /* UITextView+ZXTheme.m */ = {isa = PBXFileReference; lastKnownFileType = sourcecode.c.objc; path = "UITextView+ZXTheme.m"; sourceTree = "<group>"; };
		74E0EB4222A50186009725BA /* ZXTextViewTheme.h */ = {isa = PBXFileReference; lastKnownFileType = sourcecode.c.h; path = ZXTextViewTheme.h; sourceTree = "<group>"; };
		74E0EB4322A50186009725BA /* ZXTextViewTheme.m */ = {isa = PBXFileReference; lastKnownFileType = sourcecode.c.objc; path = ZXTextViewTheme.m; sourceTree = "<group>"; };
		74E0EB4622A50569009725BA /* ZXViewTheme.h */ = {isa = PBXFileReference; lastKnownFileType = sourcecode.c.h; path = ZXViewTheme.h; sourceTree = "<group>"; };
		74E0EB4722A50569009725BA /* ZXViewTheme.m */ = {isa = PBXFileReference; lastKnownFileType = sourcecode.c.objc; path = ZXViewTheme.m; sourceTree = "<group>"; };
		74E0EB5922A6479F009725BA /* ZXTabbarVC.h */ = {isa = PBXFileReference; lastKnownFileType = sourcecode.c.h; path = ZXTabbarVC.h; sourceTree = "<group>"; };
		74E0EB5A22A6479F009725BA /* ZXTabbarVC.m */ = {isa = PBXFileReference; lastKnownFileType = sourcecode.c.objc; path = ZXTabbarVC.m; sourceTree = "<group>"; };
		74E0EB5C22A6481A009725BA /* ZXNavVC.h */ = {isa = PBXFileReference; lastKnownFileType = sourcecode.c.h; path = ZXNavVC.h; sourceTree = "<group>"; };
		74E0EB5D22A6481A009725BA /* ZXNavVC.m */ = {isa = PBXFileReference; lastKnownFileType = sourcecode.c.objc; path = ZXNavVC.m; sourceTree = "<group>"; };
		74E0EB5F22A6485C009725BA /* ZXBaseVC.h */ = {isa = PBXFileReference; lastKnownFileType = sourcecode.c.h; path = ZXBaseVC.h; sourceTree = "<group>"; };
		74E0EB6022A6485C009725BA /* ZXBaseVC.m */ = {isa = PBXFileReference; lastKnownFileType = sourcecode.c.objc; path = ZXBaseVC.m; sourceTree = "<group>"; };
		74E0EB6222A64876009725BA /* PrefixHeader.pch */ = {isa = PBXFileReference; lastKnownFileType = sourcecode.c.h; path = PrefixHeader.pch; sourceTree = "<group>"; };
		74E0EB6322A64966009725BA /* ZXHomeVC.h */ = {isa = PBXFileReference; lastKnownFileType = sourcecode.c.h; path = ZXHomeVC.h; sourceTree = "<group>"; };
		74E0EB6422A64966009725BA /* ZXHomeVC.m */ = {isa = PBXFileReference; lastKnownFileType = sourcecode.c.objc; path = ZXHomeVC.m; sourceTree = "<group>"; };
		74E0EB6522A64966009725BA /* ZXHomeVC.xib */ = {isa = PBXFileReference; lastKnownFileType = file.xib; path = ZXHomeVC.xib; sourceTree = "<group>"; };
		74E0EB6A22A649E9009725BA /* ZXFindVC.h */ = {isa = PBXFileReference; lastKnownFileType = sourcecode.c.h; path = ZXFindVC.h; sourceTree = "<group>"; };
		74E0EB6B22A649E9009725BA /* ZXFindVC.m */ = {isa = PBXFileReference; lastKnownFileType = sourcecode.c.objc; path = ZXFindVC.m; sourceTree = "<group>"; };
		74E0EB6D22A649FB009725BA /* ZXMeVC.h */ = {isa = PBXFileReference; lastKnownFileType = sourcecode.c.h; path = ZXMeVC.h; sourceTree = "<group>"; };
		74E0EB6E22A649FB009725BA /* ZXMeVC.m */ = {isa = PBXFileReference; lastKnownFileType = sourcecode.c.objc; path = ZXMeVC.m; sourceTree = "<group>"; };
		74E0EB6F22A649FB009725BA /* ZXMeVC.xib */ = {isa = PBXFileReference; lastKnownFileType = file.xib; path = ZXMeVC.xib; sourceTree = "<group>"; };
		74E0EB7322A6CEAD009725BA /* UITabBar+ZXTheme.h */ = {isa = PBXFileReference; lastKnownFileType = sourcecode.c.h; path = "UITabBar+ZXTheme.h"; sourceTree = "<group>"; };
		74E0EB7422A6CEAD009725BA /* UITabBar+ZXTheme.m */ = {isa = PBXFileReference; lastKnownFileType = sourcecode.c.objc; path = "UITabBar+ZXTheme.m"; sourceTree = "<group>"; };
		74E0EB7622A6CEC6009725BA /* ZXTabBarTheme.h */ = {isa = PBXFileReference; lastKnownFileType = sourcecode.c.h; path = ZXTabBarTheme.h; sourceTree = "<group>"; };
		74E0EB7722A6CEC6009725BA /* ZXTabBarTheme.m */ = {isa = PBXFileReference; lastKnownFileType = sourcecode.c.objc; path = ZXTabBarTheme.m; sourceTree = "<group>"; };
		B137A104C4B9142E7E3939CC /* Pods-ZXThemeDemo.release.xcconfig */ = {isa = PBXFileReference; includeInIndex = 1; lastKnownFileType = text.xcconfig; name = "Pods-ZXThemeDemo.release.xcconfig"; path = "Target Support Files/Pods-ZXThemeDemo/Pods-ZXThemeDemo.release.xcconfig"; sourceTree = "<group>"; };
		CDDAF5C8376AA2A49D24CC07 /* Pods-ZXThemeDemo.debug.xcconfig */ = {isa = PBXFileReference; includeInIndex = 1; lastKnownFileType = text.xcconfig; name = "Pods-ZXThemeDemo.debug.xcconfig"; path = "Target Support Files/Pods-ZXThemeDemo/Pods-ZXThemeDemo.debug.xcconfig"; sourceTree = "<group>"; };
/* End PBXFileReference section */

/* Begin PBXFrameworksBuildPhase section */
		74B63DD0229FC1C6000CF158 /* Frameworks */ = {
			isa = PBXFrameworksBuildPhase;
			buildActionMask = 2147483647;
			files = (
				AD3C7DD503369BA813CFA016 /* libPods-ZXThemeDemo.a in Frameworks */,
			);
			runOnlyForDeploymentPostprocessing = 0;
		};
		74B63DE8229FC1CB000CF158 /* Frameworks */ = {
			isa = PBXFrameworksBuildPhase;
			buildActionMask = 2147483647;
			files = (
			);
			runOnlyForDeploymentPostprocessing = 0;
		};
		74B63DF3229FC1CB000CF158 /* Frameworks */ = {
			isa = PBXFrameworksBuildPhase;
			buildActionMask = 2147483647;
			files = (
			);
			runOnlyForDeploymentPostprocessing = 0;
		};
/* End PBXFrameworksBuildPhase section */

/* Begin PBXGroup section */
		1E5CA1B95709CCD1A1B3170C /* Pods */ = {
			isa = PBXGroup;
			children = (
				CDDAF5C8376AA2A49D24CC07 /* Pods-ZXThemeDemo.debug.xcconfig */,
				B137A104C4B9142E7E3939CC /* Pods-ZXThemeDemo.release.xcconfig */,
			);
			path = Pods;
			sourceTree = "<group>";
		};
		2587005371A4A143E20F0C42 /* Frameworks */ = {
			isa = PBXGroup;
			children = (
				47B33C460324DAB13CC61929 /* libPods-ZXThemeDemo.a */,
			);
			name = Frameworks;
			sourceTree = "<group>";
		};
		74299F4422B0EDA000A3868D /* UITableView */ = {
			isa = PBXGroup;
			children = (
				74299F4522B0F03200A3868D /* UITableView+ZXTheme.h */,
				74299F4622B0F03200A3868D /* UITableView+ZXTheme.m */,
				74299F4822B0F0DD00A3868D /* ZXTableViewTheme.h */,
				74299F4922B0F0DD00A3868D /* ZXTableViewTheme.m */,
			);
			path = UITableView;
			sourceTree = "<group>";
		};
		74533C4222B22D04005CED69 /* UICollectionView */ = {
			isa = PBXGroup;
			children = (
				74533C4322B22D45005CED69 /* UICollectionView+ZXTheme.h */,
				74533C4422B22D45005CED69 /* UICollectionView+ZXTheme.m */,
				74533C4622B22D7C005CED69 /* ZXCollectionViewTheme.h */,
				74533C4722B22D7C005CED69 /* ZXCollectionViewTheme.m */,
			);
			path = UICollectionView;
			sourceTree = "<group>";
		};
		74533C4922B375FE005CED69 /* View */ = {
			isa = PBXGroup;
			children = (
				74533C4E22B37AF1005CED69 /* ZXFindCell.h */,
				74533C4F22B37AF1005CED69 /* ZXFindCell.m */,
				74533C5022B37AF1005CED69 /* ZXFindCell.xib */,
				74533C5322B37B7E005CED69 /* ZXFindHeaderView.h */,
				74533C5422B37B7E005CED69 /* ZXFindHeaderView.m */,
				74533C5522B37B7E005CED69 /* ZXFindHeaderView.xib */,
			);
			path = View;
			sourceTree = "<group>";
		};
		74533C4A22B37609005CED69 /* Model */ = {
			isa = PBXGroup;
			children = (
				74533C4B22B37620005CED69 /* ZXFindModel.h */,
				74533C4C22B37620005CED69 /* ZXFindModel.m */,
			);
			path = Model;
			sourceTree = "<group>";
		};
		74533C5822B3CF5B005CED69 /* UIBarButtonItem */ = {
			isa = PBXGroup;
			children = (
				74533C5922B3CF6F005CED69 /* UIBarButtonItem+ZXTheme.h */,
				74533C5A22B3CF6F005CED69 /* UIBarButtonItem+ZXTheme.m */,
				74533C5C22B3CF95005CED69 /* ZXBarButtonItemTheme.h */,
				74533C5D22B3CF95005CED69 /* ZXBarButtonItemTheme.m */,
			);
			path = UIBarButtonItem;
			sourceTree = "<group>";
		};
		74533C5F22B3DA26005CED69 /* ZXThemeTool */ = {
			isa = PBXGroup;
			children = (
				74B63E1D22A00B0D000CF158 /* ZXThemeTool.h */,
				74B63E1E22A00B0D000CF158 /* ZXThemeTool.m */,
			);
			path = ZXThemeTool;
			sourceTree = "<group>";
		};
		74533C6022B3DA46005CED69 /* ZXThemeDefind */ = {
			isa = PBXGroup;
			children = (
				74B63E2022A02ECB000CF158 /* ZXThemeDefind.h */,
			);
			path = ZXThemeDefind;
			sourceTree = "<group>";
		};
		74533C6122B3DA82005CED69 /* ZXThemeCustomTool */ = {
			isa = PBXGroup;
			children = (
				74533C6222B3DA95005CED69 /* ZXThemeCustomTool.h */,
				74533C6322B3DA95005CED69 /* ZXThemeCustomTool.m */,
				74533C6922B77F7D005CED69 /* NSObject+ZXCustomTheme.h */,
				74533C6A22B77F7D005CED69 /* NSObject+ZXCustomTheme.m */,
			);
			path = ZXThemeCustomTool;
			sourceTree = "<group>";
		};
		74533C6522B77E96005CED69 /* ZXCustomThemeDemo */ = {
			isa = PBXGroup;
			children = (
				74533C6622B77EC2005CED69 /* UIAlertController+ZXCustomTheme.h */,
				74533C6722B77EC2005CED69 /* UIAlertController+ZXCustomTheme.m */,
			);
			path = ZXCustomThemeDemo;
			sourceTree = "<group>";
		};
		74533C7B22B88BF2005CED69 /* ZXThemeCache */ = {
			isa = PBXGroup;
			children = (
				74533C7C22B88DEA005CED69 /* UIView+ZXThemeCache.h */,
				74533C7D22B88DEA005CED69 /* UIView+ZXThemeCache.m */,
				74533C7F22B890BE005CED69 /* ZXThemeCache.h */,
				74533C8022B890BE005CED69 /* ZXThemeCache.m */,
			);
			path = ZXThemeCache;
			sourceTree = "<group>";
		};
		74B63DCA229FC1C6000CF158 = {
			isa = PBXGroup;
			children = (
				74B63DD5229FC1C6000CF158 /* ZXThemeDemo */,
				74B63DEE229FC1CB000CF158 /* ZXThemeDemoTests */,
				74B63DF9229FC1CB000CF158 /* ZXThemeDemoUITests */,
				74B63DD4229FC1C6000CF158 /* Products */,
				1E5CA1B95709CCD1A1B3170C /* Pods */,
				2587005371A4A143E20F0C42 /* Frameworks */,
			);
			sourceTree = "<group>";
		};
		74B63DD4229FC1C6000CF158 /* Products */ = {
			isa = PBXGroup;
			children = (
				74B63DD3229FC1C6000CF158 /* ZXThemeDemo.app */,
				74B63DEB229FC1CB000CF158 /* ZXThemeDemoTests.xctest */,
				74B63DF6229FC1CB000CF158 /* ZXThemeDemoUITests.xctest */,
			);
			name = Products;
			sourceTree = "<group>";
		};
		74B63DD5229FC1C6000CF158 /* ZXThemeDemo */ = {
			isa = PBXGroup;
			children = (
				74B63E08229FC210000CF158 /* ZXTheme */,
				74E0EB4522A5053F009725BA /* TestUI */,
				74B63DD6229FC1C6000CF158 /* AppDelegate.h */,
				74B63DD7229FC1C6000CF158 /* AppDelegate.m */,
				74B63DD9229FC1C6000CF158 /* ViewController.h */,
				74B63DDA229FC1C6000CF158 /* ViewController.m */,
				74B63DDC229FC1C6000CF158 /* Main.storyboard */,
				74B63DDF229FC1CA000CF158 /* Assets.xcassets */,
				74B63DE1229FC1CA000CF158 /* LaunchScreen.storyboard */,
				74B63DE4229FC1CA000CF158 /* Info.plist */,
				74B63DE5229FC1CA000CF158 /* main.m */,
				74E0EB6222A64876009725BA /* PrefixHeader.pch */,
			);
			path = ZXThemeDemo;
			sourceTree = "<group>";
		};
		74B63DEE229FC1CB000CF158 /* ZXThemeDemoTests */ = {
			isa = PBXGroup;
			children = (
				74B63DEF229FC1CB000CF158 /* ZXThemeDemoTests.m */,
				74B63DF1229FC1CB000CF158 /* Info.plist */,
			);
			path = ZXThemeDemoTests;
			sourceTree = "<group>";
		};
		74B63DF9229FC1CB000CF158 /* ZXThemeDemoUITests */ = {
			isa = PBXGroup;
			children = (
				74B63DFA229FC1CB000CF158 /* ZXThemeDemoUITests.m */,
				74B63DFC229FC1CB000CF158 /* Info.plist */,
			);
			path = ZXThemeDemoUITests;
			sourceTree = "<group>";
		};
		74B63E08229FC210000CF158 /* ZXTheme */ = {
			isa = PBXGroup;
			children = (
				74B63E1C22A00AFD000CF158 /* Tool */,
				74B63E09229FC377000CF158 /* Core */,
			);
			path = ZXTheme;
			sourceTree = "<group>";
		};
		74B63E09229FC377000CF158 /* Core */ = {
			isa = PBXGroup;
			children = (
				74B63E15229FE112000CF158 /* UIView */,
				74B63E0E229FC41A000CF158 /* UILabel */,
				74B63E2122A03C0C000CF158 /* UIButton */,
				74B63E2822A0F4B9000CF158 /* UISegmentedControl */,
				74B63E2F22A0FBBA000CF158 /* UITextField */,
				74E0EB0922A1201E009725BA /* UISlider */,
				74E0EB1022A12BEE009725BA /* UISwitch */,
				74E0EB1722A13209009725BA /* UIActivityIndicatorView */,
				74E0EB1E22A4E102009725BA /* UIProgressView */,
				74E0EB2522A4ED05009725BA /* UIPageControl */,
				74E0EB2C22A4F164009725BA /* UIStepper */,
				74E0EB3322A4F41D009725BA /* UIImageView */,
				74E0EB3A22A4FAD4009725BA /* UIImage */,
				74E0EB3E22A5007E009725BA /* UITextView */,
				74E0EB7222A6CE77009725BA /* UITabBar */,
				74C1671922A7958700913E4B /* UITabBarItem */,
				74C1671A22A79B0D00913E4B /* UINavigationBar */,
				74533C5822B3CF5B005CED69 /* UIBarButtonItem */,
				74299F4422B0EDA000A3868D /* UITableView */,
				74533C4222B22D04005CED69 /* UICollectionView */,
				74B63E12229FDB2F000CF158 /* ZXTheme.h */,
				74B63E13229FDB2F000CF158 /* ZXTheme.m */,
			);
			path = Core;
			sourceTree = "<group>";
		};
		74B63E0A229FC396000CF158 /* ZXThemeRuntime */ = {
			isa = PBXGroup;
			children = (
				74B63E0B229FC3B2000CF158 /* ZXThemeRuntime.h */,
				74B63E0C229FC3B2000CF158 /* ZXThemeRuntime.m */,
			);
			path = ZXThemeRuntime;
			sourceTree = "<group>";
		};
		74B63E0E229FC41A000CF158 /* UILabel */ = {
			isa = PBXGroup;
			children = (
				74B63E0F229FC436000CF158 /* UILabel+ZXTheme.h */,
				74B63E10229FC436000CF158 /* UILabel+ZXTheme.m */,
				74B63E1922A005A6000CF158 /* ZXLabelTheme.h */,
				74B63E1A22A005A6000CF158 /* ZXLabelTheme.m */,
			);
			path = UILabel;
			sourceTree = "<group>";
		};
		74B63E15229FE112000CF158 /* UIView */ = {
			isa = PBXGroup;
			children = (
				74B63E16229FE124000CF158 /* UIView+ZXTheme.h */,
				74B63E17229FE124000CF158 /* UIView+ZXTheme.m */,
				74E0EB4622A50569009725BA /* ZXViewTheme.h */,
				74E0EB4722A50569009725BA /* ZXViewTheme.m */,
			);
			path = UIView;
			sourceTree = "<group>";
		};
		74B63E1C22A00AFD000CF158 /* Tool */ = {
			isa = PBXGroup;
			children = (
				74B63E0A229FC396000CF158 /* ZXThemeRuntime */,
				74533C5F22B3DA26005CED69 /* ZXThemeTool */,
				74533C6022B3DA46005CED69 /* ZXThemeDefind */,
				74533C6122B3DA82005CED69 /* ZXThemeCustomTool */,
				74533C7B22B88BF2005CED69 /* ZXThemeCache */,
			);
			path = Tool;
			sourceTree = "<group>";
		};
		74B63E2122A03C0C000CF158 /* UIButton */ = {
			isa = PBXGroup;
			children = (
				74B63E2222A03C29000CF158 /* UIButton+ZXTheme.h */,
				74B63E2322A03C29000CF158 /* UIButton+ZXTheme.m */,
				74B63E2522A03C45000CF158 /* ZXButtonTheme.h */,
				74B63E2622A03C45000CF158 /* ZXButtonTheme.m */,
			);
			path = UIButton;
			sourceTree = "<group>";
		};
		74B63E2822A0F4B9000CF158 /* UISegmentedControl */ = {
			isa = PBXGroup;
			children = (
				74B63E2922A0F4EA000CF158 /* UISegmentedControl+ZXTheme.h */,
				74B63E2A22A0F4EA000CF158 /* UISegmentedControl+ZXTheme.m */,
				74B63E2C22A0F504000CF158 /* ZXSegmentedControlTheme.h */,
				74B63E2D22A0F504000CF158 /* ZXSegmentedControlTheme.m */,
			);
			path = UISegmentedControl;
			sourceTree = "<group>";
		};
		74B63E2F22A0FBBA000CF158 /* UITextField */ = {
			isa = PBXGroup;
			children = (
				74B63E3022A0FC28000CF158 /* UITextField+ZXTheme.h */,
				74B63E3122A0FC28000CF158 /* UITextField+ZXTheme.m */,
				74B63E3322A0FC4F000CF158 /* ZXTextFieldTheme.h */,
				74B63E3422A0FC4F000CF158 /* ZXTextFieldTheme.m */,
			);
			path = UITextField;
			sourceTree = "<group>";
		};
		74C1671922A7958700913E4B /* UITabBarItem */ = {
			isa = PBXGroup;
			children = (
				74C1671322A7696600913E4B /* UITabBarItem+ZXTheme.h */,
				74C1671422A7696600913E4B /* UITabBarItem+ZXTheme.m */,
				74C1671622A7795800913E4B /* ZXTabBarItemTheme.h */,
				74C1671722A7795800913E4B /* ZXTabBarItemTheme.m */,
			);
			path = UITabBarItem;
			sourceTree = "<group>";
		};
		74C1671A22A79B0D00913E4B /* UINavigationBar */ = {
			isa = PBXGroup;
			children = (
				74C1671B22A79B2800913E4B /* UINavigationBar+ZXTheme.h */,
				74C1671C22A79B2800913E4B /* UINavigationBar+ZXTheme.m */,
				74C1671E22A79B4200913E4B /* ZXNavigationBarTheme.h */,
				74C1671F22A79B4200913E4B /* ZXNavigationBarTheme.m */,
			);
			path = UINavigationBar;
			sourceTree = "<group>";
		};
		74C1672122A804CA00913E4B /* View */ = {
			isa = PBXGroup;
			children = (
				74C1672222A8101E00913E4B /* ZXMeHeaderView.h */,
				74C1672322A8101F00913E4B /* ZXMeHeaderView.m */,
				74C1672522A8102E00913E4B /* ZXMeHeaderView.xib */,
				74C1672722A811AB00913E4B /* ZXMeCell.h */,
				74C1672822A811AB00913E4B /* ZXMeCell.m */,
				74C1672922A811AB00913E4B /* ZXMeCell.xib */,
			);
			path = View;
			sourceTree = "<group>";
		};
		74C1672C22A8132600913E4B /* Model */ = {
			isa = PBXGroup;
			children = (
				74C1672D22A8136700913E4B /* ZXMeModel.h */,
				74C1672E22A8136700913E4B /* ZXMeModel.m */,
			);
			path = Model;
			sourceTree = "<group>";
		};
		74E0EB0922A1201E009725BA /* UISlider */ = {
			isa = PBXGroup;
			children = (
				74E0EB0A22A12050009725BA /* UISlider+ZXTheme.h */,
				74E0EB0B22A12050009725BA /* UISlider+ZXTheme.m */,
				74E0EB0D22A120FB009725BA /* ZXSliderTheme.h */,
				74E0EB0E22A120FB009725BA /* ZXSliderTheme.m */,
			);
			path = UISlider;
			sourceTree = "<group>";
		};
		74E0EB1022A12BEE009725BA /* UISwitch */ = {
			isa = PBXGroup;
			children = (
				74E0EB1122A12C83009725BA /* UISwitch+ZXTheme.h */,
				74E0EB1222A12C83009725BA /* UISwitch+ZXTheme.m */,
				74E0EB1422A12C9C009725BA /* ZXSwitchTheme.h */,
				74E0EB1522A12C9C009725BA /* ZXSwitchTheme.m */,
			);
			path = UISwitch;
			sourceTree = "<group>";
		};
		74E0EB1722A13209009725BA /* UIActivityIndicatorView */ = {
			isa = PBXGroup;
			children = (
				74E0EB1822A13220009725BA /* UIActivityIndicatorView+ZXTheme.h */,
				74E0EB1922A13220009725BA /* UIActivityIndicatorView+ZXTheme.m */,
				74E0EB1B22A1323A009725BA /* ZXActivityIndicatorViewTheme.h */,
				74E0EB1C22A1323A009725BA /* ZXActivityIndicatorViewTheme.m */,
			);
			path = UIActivityIndicatorView;
			sourceTree = "<group>";
		};
		74E0EB1E22A4E102009725BA /* UIProgressView */ = {
			isa = PBXGroup;
			children = (
				74E0EB1F22A4E120009725BA /* UIProgressView+ZXTheme.h */,
				74E0EB2022A4E120009725BA /* UIProgressView+ZXTheme.m */,
				74E0EB2222A4E13A009725BA /* ZXProgressViewTheme.h */,
				74E0EB2322A4E13A009725BA /* ZXProgressViewTheme.m */,
			);
			path = UIProgressView;
			sourceTree = "<group>";
		};
		74E0EB2522A4ED05009725BA /* UIPageControl */ = {
			isa = PBXGroup;
			children = (
				74E0EB2622A4ED19009725BA /* UIPageControl+ZXTheme.h */,
				74E0EB2722A4ED19009725BA /* UIPageControl+ZXTheme.m */,
				74E0EB2922A4ED2D009725BA /* ZXPageControlTheme.h */,
				74E0EB2A22A4ED2D009725BA /* ZXPageControlTheme.m */,
			);
			path = UIPageControl;
			sourceTree = "<group>";
		};
		74E0EB2C22A4F164009725BA /* UIStepper */ = {
			isa = PBXGroup;
			children = (
				74E0EB2D22A4F183009725BA /* UIStepper+ZXTheme.h */,
				74E0EB2E22A4F183009725BA /* UIStepper+ZXTheme.m */,
				74E0EB3022A4F25E009725BA /* ZXStepperTheme.h */,
				74E0EB3122A4F25E009725BA /* ZXStepperTheme.m */,
			);
			path = UIStepper;
			sourceTree = "<group>";
		};
		74E0EB3322A4F41D009725BA /* UIImageView */ = {
			isa = PBXGroup;
			children = (
				74E0EB3422A4F4CC009725BA /* UIImageView+ZXTheme.h */,
				74E0EB3522A4F4CC009725BA /* UIImageView+ZXTheme.m */,
				74E0EB3722A4F4E8009725BA /* ZXImageViewTheme.h */,
				74E0EB3822A4F4E8009725BA /* ZXImageViewTheme.m */,
			);
			path = UIImageView;
			sourceTree = "<group>";
		};
		74E0EB3A22A4FAD4009725BA /* UIImage */ = {
			isa = PBXGroup;
			children = (
				74E0EB3B22A4FAE7009725BA /* UIImage+ZXTheme.h */,
				74E0EB3C22A4FAE7009725BA /* UIImage+ZXTheme.m */,
			);
			path = UIImage;
			sourceTree = "<group>";
		};
		74E0EB3E22A5007E009725BA /* UITextView */ = {
			isa = PBXGroup;
			children = (
				74E0EB3F22A50171009725BA /* UITextView+ZXTheme.h */,
				74E0EB4022A50171009725BA /* UITextView+ZXTheme.m */,
				74E0EB4222A50186009725BA /* ZXTextViewTheme.h */,
				74E0EB4322A50186009725BA /* ZXTextViewTheme.m */,
			);
			path = UITextView;
			sourceTree = "<group>";
		};
		74E0EB4522A5053F009725BA /* TestUI */ = {
			isa = PBXGroup;
			children = (
				74533C6522B77E96005CED69 /* ZXCustomThemeDemo */,
				74E0EB4F22A51FAD009725BA /* BaseVC */,
				74E0EB4922A50A65009725BA /* ZXHome */,
				74E0EB6822A64996009725BA /* ZXFind */,
				74E0EB6922A649B1009725BA /* ZXMe */,
			);
			path = TestUI;
			sourceTree = "<group>";
		};
		74E0EB4922A50A65009725BA /* ZXHome */ = {
			isa = PBXGroup;
			children = (
				74E0EB6322A64966009725BA /* ZXHomeVC.h */,
				74E0EB6422A64966009725BA /* ZXHomeVC.m */,
				74E0EB6522A64966009725BA /* ZXHomeVC.xib */,
			);
			path = ZXHome;
			sourceTree = "<group>";
		};
		74E0EB4F22A51FAD009725BA /* BaseVC */ = {
			isa = PBXGroup;
			children = (
				74E0EB5922A6479F009725BA /* ZXTabbarVC.h */,
				74E0EB5A22A6479F009725BA /* ZXTabbarVC.m */,
				74E0EB5C22A6481A009725BA /* ZXNavVC.h */,
				74E0EB5D22A6481A009725BA /* ZXNavVC.m */,
				74E0EB5F22A6485C009725BA /* ZXBaseVC.h */,
				74E0EB6022A6485C009725BA /* ZXBaseVC.m */,
			);
			path = BaseVC;
			sourceTree = "<group>";
		};
		74E0EB6822A64996009725BA /* ZXFind */ = {
			isa = PBXGroup;
			children = (
				74533C4922B375FE005CED69 /* View */,
				74533C4A22B37609005CED69 /* Model */,
				74E0EB6A22A649E9009725BA /* ZXFindVC.h */,
				74E0EB6B22A649E9009725BA /* ZXFindVC.m */,
			);
			path = ZXFind;
			sourceTree = "<group>";
		};
		74E0EB6922A649B1009725BA /* ZXMe */ = {
			isa = PBXGroup;
			children = (
				74C1672C22A8132600913E4B /* Model */,
				74C1672122A804CA00913E4B /* View */,
				74E0EB6D22A649FB009725BA /* ZXMeVC.h */,
				74E0EB6E22A649FB009725BA /* ZXMeVC.m */,
				74E0EB6F22A649FB009725BA /* ZXMeVC.xib */,
			);
			path = ZXMe;
			sourceTree = "<group>";
		};
		74E0EB7222A6CE77009725BA /* UITabBar */ = {
			isa = PBXGroup;
			children = (
				74E0EB7322A6CEAD009725BA /* UITabBar+ZXTheme.h */,
				74E0EB7422A6CEAD009725BA /* UITabBar+ZXTheme.m */,
				74E0EB7622A6CEC6009725BA /* ZXTabBarTheme.h */,
				74E0EB7722A6CEC6009725BA /* ZXTabBarTheme.m */,
			);
			path = UITabBar;
			sourceTree = "<group>";
		};
/* End PBXGroup section */

/* Begin PBXNativeTarget section */
		74B63DD2229FC1C6000CF158 /* ZXThemeDemo */ = {
			isa = PBXNativeTarget;
			buildConfigurationList = 74B63DFF229FC1CB000CF158 /* Build configuration list for PBXNativeTarget "ZXThemeDemo" */;
			buildPhases = (
				60D461DB6074A053B93C55B8 /* [CP] Check Pods Manifest.lock */,
				74B63DCF229FC1C6000CF158 /* Sources */,
				74B63DD0229FC1C6000CF158 /* Frameworks */,
				74B63DD1229FC1C6000CF158 /* Resources */,
			);
			buildRules = (
			);
			dependencies = (
			);
			name = ZXThemeDemo;
			productName = ZXThemeDemo;
			productReference = 74B63DD3229FC1C6000CF158 /* ZXThemeDemo.app */;
			productType = "com.apple.product-type.application";
		};
		74B63DEA229FC1CB000CF158 /* ZXThemeDemoTests */ = {
			isa = PBXNativeTarget;
			buildConfigurationList = 74B63E02229FC1CB000CF158 /* Build configuration list for PBXNativeTarget "ZXThemeDemoTests" */;
			buildPhases = (
				74B63DE7229FC1CB000CF158 /* Sources */,
				74B63DE8229FC1CB000CF158 /* Frameworks */,
				74B63DE9229FC1CB000CF158 /* Resources */,
			);
			buildRules = (
			);
			dependencies = (
				74B63DED229FC1CB000CF158 /* PBXTargetDependency */,
			);
			name = ZXThemeDemoTests;
			productName = ZXThemeDemoTests;
			productReference = 74B63DEB229FC1CB000CF158 /* ZXThemeDemoTests.xctest */;
			productType = "com.apple.product-type.bundle.unit-test";
		};
		74B63DF5229FC1CB000CF158 /* ZXThemeDemoUITests */ = {
			isa = PBXNativeTarget;
			buildConfigurationList = 74B63E05229FC1CB000CF158 /* Build configuration list for PBXNativeTarget "ZXThemeDemoUITests" */;
			buildPhases = (
				74B63DF2229FC1CB000CF158 /* Sources */,
				74B63DF3229FC1CB000CF158 /* Frameworks */,
				74B63DF4229FC1CB000CF158 /* Resources */,
			);
			buildRules = (
			);
			dependencies = (
				74B63DF8229FC1CB000CF158 /* PBXTargetDependency */,
			);
			name = ZXThemeDemoUITests;
			productName = ZXThemeDemoUITests;
			productReference = 74B63DF6229FC1CB000CF158 /* ZXThemeDemoUITests.xctest */;
			productType = "com.apple.product-type.bundle.ui-testing";
		};
/* End PBXNativeTarget section */

/* Begin PBXProject section */
		74B63DCB229FC1C6000CF158 /* Project object */ = {
			isa = PBXProject;
			attributes = {
				LastUpgradeCheck = 1020;
				ORGANIZATIONNAME = "李兆祥";
				TargetAttributes = {
					74B63DD2229FC1C6000CF158 = {
						CreatedOnToolsVersion = 10.2;
					};
					74B63DEA229FC1CB000CF158 = {
						CreatedOnToolsVersion = 10.2;
						TestTargetID = 74B63DD2229FC1C6000CF158;
					};
					74B63DF5229FC1CB000CF158 = {
						CreatedOnToolsVersion = 10.2;
						TestTargetID = 74B63DD2229FC1C6000CF158;
					};
				};
			};
			buildConfigurationList = 74B63DCE229FC1C6000CF158 /* Build configuration list for PBXProject "ZXThemeDemo" */;
			compatibilityVersion = "Xcode 9.3";
			developmentRegion = en;
			hasScannedForEncodings = 0;
			knownRegions = (
				en,
				Base,
			);
			mainGroup = 74B63DCA229FC1C6000CF158;
			productRefGroup = 74B63DD4229FC1C6000CF158 /* Products */;
			projectDirPath = "";
			projectRoot = "";
			targets = (
				74B63DD2229FC1C6000CF158 /* ZXThemeDemo */,
				74B63DEA229FC1CB000CF158 /* ZXThemeDemoTests */,
				74B63DF5229FC1CB000CF158 /* ZXThemeDemoUITests */,
			);
		};
/* End PBXProject section */

/* Begin PBXResourcesBuildPhase section */
		74B63DD1229FC1C6000CF158 /* Resources */ = {
			isa = PBXResourcesBuildPhase;
			buildActionMask = 2147483647;
			files = (
				74533C5222B37AF1005CED69 /* ZXFindCell.xib in Resources */,
				74E0EB6722A64966009725BA /* ZXHomeVC.xib in Resources */,
				74C1672B22A811AB00913E4B /* ZXMeCell.xib in Resources */,
				74B63DE3229FC1CA000CF158 /* LaunchScreen.storyboard in Resources */,
				74E0EB7122A649FB009725BA /* ZXMeVC.xib in Resources */,
				74B63DE0229FC1CA000CF158 /* Assets.xcassets in Resources */,
				74533C5722B37B7E005CED69 /* ZXFindHeaderView.xib in Resources */,
				74C1672622A8102E00913E4B /* ZXMeHeaderView.xib in Resources */,
				74B63DDE229FC1C6000CF158 /* Main.storyboard in Resources */,
			);
			runOnlyForDeploymentPostprocessing = 0;
		};
		74B63DE9229FC1CB000CF158 /* Resources */ = {
			isa = PBXResourcesBuildPhase;
			buildActionMask = 2147483647;
			files = (
			);
			runOnlyForDeploymentPostprocessing = 0;
		};
		74B63DF4229FC1CB000CF158 /* Resources */ = {
			isa = PBXResourcesBuildPhase;
			buildActionMask = 2147483647;
			files = (
			);
			runOnlyForDeploymentPostprocessing = 0;
		};
/* End PBXResourcesBuildPhase section */

/* Begin PBXShellScriptBuildPhase section */
		60D461DB6074A053B93C55B8 /* [CP] Check Pods Manifest.lock */ = {
			isa = PBXShellScriptBuildPhase;
			buildActionMask = 2147483647;
			files = (
			);
			inputFileListPaths = (
			);
			inputPaths = (
				"${PODS_PODFILE_DIR_PATH}/Podfile.lock",
				"${PODS_ROOT}/Manifest.lock",
			);
			name = "[CP] Check Pods Manifest.lock";
			outputFileListPaths = (
			);
			outputPaths = (
				"$(DERIVED_FILE_DIR)/Pods-ZXThemeDemo-checkManifestLockResult.txt",
			);
			runOnlyForDeploymentPostprocessing = 0;
			shellPath = /bin/sh;
			shellScript = "diff \"${PODS_PODFILE_DIR_PATH}/Podfile.lock\" \"${PODS_ROOT}/Manifest.lock\" > /dev/null\nif [ $? != 0 ] ; then\n    # print error to STDERR\n    echo \"error: The sandbox is not in sync with the Podfile.lock. Run 'pod install' or update your CocoaPods installation.\" >&2\n    exit 1\nfi\n# This output is used by Xcode 'outputs' to avoid re-running this script phase.\necho \"SUCCESS\" > \"${SCRIPT_OUTPUT_FILE_0}\"\n";
			showEnvVarsInLog = 0;
		};
/* End PBXShellScriptBuildPhase section */

/* Begin PBXSourcesBuildPhase section */
		74B63DCF229FC1C6000CF158 /* Sources */ = {
			isa = PBXSourcesBuildPhase;
			buildActionMask = 2147483647;
			files = (
				74C1671D22A79B2800913E4B /* UINavigationBar+ZXTheme.m in Sources */,
				74B63E2722A03C45000CF158 /* ZXButtonTheme.m in Sources */,
				74E0EB3D22A4FAE7009725BA /* UIImage+ZXTheme.m in Sources */,
				74E0EB6C22A649EA009725BA /* ZXFindVC.m in Sources */,
				74B63E3222A0FC28000CF158 /* UITextField+ZXTheme.m in Sources */,
				74B63E3522A0FC4F000CF158 /* ZXTextFieldTheme.m in Sources */,
				74533C4522B22D45005CED69 /* UICollectionView+ZXTheme.m in Sources */,
				74B63E18229FE124000CF158 /* UIView+ZXTheme.m in Sources */,
				74E0EB3622A4F4CC009725BA /* UIImageView+ZXTheme.m in Sources */,
				74E0EB7522A6CEAD009725BA /* UITabBar+ZXTheme.m in Sources */,
				74B63E0D229FC3B2000CF158 /* ZXThemeRuntime.m in Sources */,
				74E0EB7022A649FB009725BA /* ZXMeVC.m in Sources */,
				74299F4722B0F03200A3868D /* UITableView+ZXTheme.m in Sources */,
				74C1672F22A8136700913E4B /* ZXMeModel.m in Sources */,
				74E0EB1A22A13220009725BA /* UIActivityIndicatorView+ZXTheme.m in Sources */,
				74B63DDB229FC1C6000CF158 /* ViewController.m in Sources */,
				74533C5E22B3CF95005CED69 /* ZXBarButtonItemTheme.m in Sources */,
				74B63DE6229FC1CA000CF158 /* main.m in Sources */,
				74B63E14229FDB2F000CF158 /* ZXTheme.m in Sources */,
				74E0EB2F22A4F183009725BA /* UIStepper+ZXTheme.m in Sources */,
				74E0EB5E22A6481A009725BA /* ZXNavVC.m in Sources */,
				74B63E2422A03C29000CF158 /* UIButton+ZXTheme.m in Sources */,
				74E0EB1622A12C9C009725BA /* ZXSwitchTheme.m in Sources */,
				74533C6B22B77F7D005CED69 /* NSObject+ZXCustomTheme.m in Sources */,
				74533C4822B22D7C005CED69 /* ZXCollectionViewTheme.m in Sources */,
				74E0EB2B22A4ED2D009725BA /* ZXPageControlTheme.m in Sources */,
				74E0EB2422A4E13A009725BA /* ZXProgressViewTheme.m in Sources */,
				74299F4A22B0F0DD00A3868D /* ZXTableViewTheme.m in Sources */,
				74B63E1B22A005A6000CF158 /* ZXLabelTheme.m in Sources */,
				74E0EB4422A50186009725BA /* ZXTextViewTheme.m in Sources */,
				74533C5622B37B7E005CED69 /* ZXFindHeaderView.m in Sources */,
				74C1671822A7795800913E4B /* ZXTabBarItemTheme.m in Sources */,
				74E0EB4122A50171009725BA /* UITextView+ZXTheme.m in Sources */,
				74C1672A22A811AB00913E4B /* ZXMeCell.m in Sources */,
				74E0EB0F22A120FB009725BA /* ZXSliderTheme.m in Sources */,
				74E0EB3922A4F4E8009725BA /* ZXImageViewTheme.m in Sources */,
				74533C6822B77EC3005CED69 /* UIAlertController+ZXCustomTheme.m in Sources */,
				74E0EB3222A4F25E009725BA /* ZXStepperTheme.m in Sources */,
				74E0EB1322A12C83009725BA /* UISwitch+ZXTheme.m in Sources */,
				74E0EB6122A6485C009725BA /* ZXBaseVC.m in Sources */,
				74E0EB5B22A6479F009725BA /* ZXTabbarVC.m in Sources */,
				74B63E11229FC436000CF158 /* UILabel+ZXTheme.m in Sources */,
				74533C5122B37AF1005CED69 /* ZXFindCell.m in Sources */,
				74C1672422A8101F00913E4B /* ZXMeHeaderView.m in Sources */,
				74533C5B22B3CF6F005CED69 /* UIBarButtonItem+ZXTheme.m in Sources */,
				74B63DD8229FC1C6000CF158 /* AppDelegate.m in Sources */,
				74533C6422B3DA95005CED69 /* ZXThemeCustomTool.m in Sources */,
				74B63E2B22A0F4EA000CF158 /* UISegmentedControl+ZXTheme.m in Sources */,
				74533C4D22B37620005CED69 /* ZXFindModel.m in Sources */,
				74E0EB4822A50569009725BA /* ZXViewTheme.m in Sources */,
				74E0EB6622A64966009725BA /* ZXHomeVC.m in Sources */,
				74533C7E22B88DEA005CED69 /* UIView+ZXThemeCache.m in Sources */,
				74E0EB7822A6CEC6009725BA /* ZXTabBarTheme.m in Sources */,
				74B63E1F22A00B0D000CF158 /* ZXThemeTool.m in Sources */,
				74C1671522A7696600913E4B /* UITabBarItem+ZXTheme.m in Sources */,
				74E0EB0C22A12050009725BA /* UISlider+ZXTheme.m in Sources */,
				74C1672022A79B4200913E4B /* ZXNavigationBarTheme.m in Sources */,
				74B63E2E22A0F504000CF158 /* ZXSegmentedControlTheme.m in Sources */,
				74533C8122B890BE005CED69 /* ZXThemeCache.m in Sources */,
				74E0EB1D22A1323A009725BA /* ZXActivityIndicatorViewTheme.m in Sources */,
				74E0EB2822A4ED19009725BA /* UIPageControl+ZXTheme.m in Sources */,
				74E0EB2122A4E120009725BA /* UIProgressView+ZXTheme.m in Sources */,
			);
			runOnlyForDeploymentPostprocessing = 0;
		};
		74B63DE7229FC1CB000CF158 /* Sources */ = {
			isa = PBXSourcesBuildPhase;
			buildActionMask = 2147483647;
			files = (
				74B63DF0229FC1CB000CF158 /* ZXThemeDemoTests.m in Sources */,
			);
			runOnlyForDeploymentPostprocessing = 0;
		};
		74B63DF2229FC1CB000CF158 /* Sources */ = {
			isa = PBXSourcesBuildPhase;
			buildActionMask = 2147483647;
			files = (
				74B63DFB229FC1CB000CF158 /* ZXThemeDemoUITests.m in Sources */,
			);
			runOnlyForDeploymentPostprocessing = 0;
		};
/* End PBXSourcesBuildPhase section */

/* Begin PBXTargetDependency section */
		74B63DED229FC1CB000CF158 /* PBXTargetDependency */ = {
			isa = PBXTargetDependency;
			target = 74B63DD2229FC1C6000CF158 /* ZXThemeDemo */;
			targetProxy = 74B63DEC229FC1CB000CF158 /* PBXContainerItemProxy */;
		};
		74B63DF8229FC1CB000CF158 /* PBXTargetDependency */ = {
			isa = PBXTargetDependency;
			target = 74B63DD2229FC1C6000CF158 /* ZXThemeDemo */;
			targetProxy = 74B63DF7229FC1CB000CF158 /* PBXContainerItemProxy */;
		};
/* End PBXTargetDependency section */

/* Begin PBXVariantGroup section */
		74B63DDC229FC1C6000CF158 /* Main.storyboard */ = {
			isa = PBXVariantGroup;
			children = (
				74B63DDD229FC1C6000CF158 /* Base */,
			);
			name = Main.storyboard;
			sourceTree = "<group>";
		};
		74B63DE1229FC1CA000CF158 /* LaunchScreen.storyboard */ = {
			isa = PBXVariantGroup;
			children = (
				74B63DE2229FC1CA000CF158 /* Base */,
			);
			name = LaunchScreen.storyboard;
			sourceTree = "<group>";
		};
/* End PBXVariantGroup section */

/* Begin XCBuildConfiguration section */
		74B63DFD229FC1CB000CF158 /* Debug */ = {
			isa = XCBuildConfiguration;
			buildSettings = {
				ALWAYS_SEARCH_USER_PATHS = NO;
				CLANG_ANALYZER_NONNULL = YES;
				CLANG_ANALYZER_NUMBER_OBJECT_CONVERSION = YES_AGGRESSIVE;
				CLANG_CXX_LANGUAGE_STANDARD = "gnu++14";
				CLANG_CXX_LIBRARY = "libc++";
				CLANG_ENABLE_MODULES = YES;
				CLANG_ENABLE_OBJC_ARC = YES;
				CLANG_ENABLE_OBJC_WEAK = YES;
				CLANG_WARN_BLOCK_CAPTURE_AUTORELEASING = YES;
				CLANG_WARN_BOOL_CONVERSION = YES;
				CLANG_WARN_COMMA = YES;
				CLANG_WARN_CONSTANT_CONVERSION = YES;
				CLANG_WARN_DEPRECATED_OBJC_IMPLEMENTATIONS = YES;
				CLANG_WARN_DIRECT_OBJC_ISA_USAGE = YES_ERROR;
				CLANG_WARN_DOCUMENTATION_COMMENTS = YES;
				CLANG_WARN_EMPTY_BODY = YES;
				CLANG_WARN_ENUM_CONVERSION = YES;
				CLANG_WARN_INFINITE_RECURSION = YES;
				CLANG_WARN_INT_CONVERSION = YES;
				CLANG_WARN_NON_LITERAL_NULL_CONVERSION = YES;
				CLANG_WARN_OBJC_IMPLICIT_RETAIN_SELF = YES;
				CLANG_WARN_OBJC_LITERAL_CONVERSION = YES;
				CLANG_WARN_OBJC_ROOT_CLASS = YES_ERROR;
				CLANG_WARN_RANGE_LOOP_ANALYSIS = YES;
				CLANG_WARN_STRICT_PROTOTYPES = YES;
				CLANG_WARN_SUSPICIOUS_MOVE = YES;
				CLANG_WARN_UNGUARDED_AVAILABILITY = YES_AGGRESSIVE;
				CLANG_WARN_UNREACHABLE_CODE = YES;
				CLANG_WARN__DUPLICATE_METHOD_MATCH = YES;
				CODE_SIGN_IDENTITY = "iPhone Developer";
				COPY_PHASE_STRIP = NO;
				DEBUG_INFORMATION_FORMAT = dwarf;
				ENABLE_STRICT_OBJC_MSGSEND = YES;
				ENABLE_TESTABILITY = YES;
				GCC_C_LANGUAGE_STANDARD = gnu11;
				GCC_DYNAMIC_NO_PIC = NO;
				GCC_NO_COMMON_BLOCKS = YES;
				GCC_OPTIMIZATION_LEVEL = 0;
				GCC_PREPROCESSOR_DEFINITIONS = (
					"DEBUG=1",
					"$(inherited)",
				);
				GCC_WARN_64_TO_32_BIT_CONVERSION = YES;
				GCC_WARN_ABOUT_RETURN_TYPE = YES_ERROR;
				GCC_WARN_UNDECLARED_SELECTOR = YES;
				GCC_WARN_UNINITIALIZED_AUTOS = YES_AGGRESSIVE;
				GCC_WARN_UNUSED_FUNCTION = YES;
				GCC_WARN_UNUSED_VARIABLE = YES;
				IPHONEOS_DEPLOYMENT_TARGET = 12.2;
				MTL_ENABLE_DEBUG_INFO = INCLUDE_SOURCE;
				MTL_FAST_MATH = YES;
				ONLY_ACTIVE_ARCH = YES;
				SDKROOT = iphoneos;
			};
			name = Debug;
		};
		74B63DFE229FC1CB000CF158 /* Release */ = {
			isa = XCBuildConfiguration;
			buildSettings = {
				ALWAYS_SEARCH_USER_PATHS = NO;
				CLANG_ANALYZER_NONNULL = YES;
				CLANG_ANALYZER_NUMBER_OBJECT_CONVERSION = YES_AGGRESSIVE;
				CLANG_CXX_LANGUAGE_STANDARD = "gnu++14";
				CLANG_CXX_LIBRARY = "libc++";
				CLANG_ENABLE_MODULES = YES;
				CLANG_ENABLE_OBJC_ARC = YES;
				CLANG_ENABLE_OBJC_WEAK = YES;
				CLANG_WARN_BLOCK_CAPTURE_AUTORELEASING = YES;
				CLANG_WARN_BOOL_CONVERSION = YES;
				CLANG_WARN_COMMA = YES;
				CLANG_WARN_CONSTANT_CONVERSION = YES;
				CLANG_WARN_DEPRECATED_OBJC_IMPLEMENTATIONS = YES;
				CLANG_WARN_DIRECT_OBJC_ISA_USAGE = YES_ERROR;
				CLANG_WARN_DOCUMENTATION_COMMENTS = YES;
				CLANG_WARN_EMPTY_BODY = YES;
				CLANG_WARN_ENUM_CONVERSION = YES;
				CLANG_WARN_INFINITE_RECURSION = YES;
				CLANG_WARN_INT_CONVERSION = YES;
				CLANG_WARN_NON_LITERAL_NULL_CONVERSION = YES;
				CLANG_WARN_OBJC_IMPLICIT_RETAIN_SELF = YES;
				CLANG_WARN_OBJC_LITERAL_CONVERSION = YES;
				CLANG_WARN_OBJC_ROOT_CLASS = YES_ERROR;
				CLANG_WARN_RANGE_LOOP_ANALYSIS = YES;
				CLANG_WARN_STRICT_PROTOTYPES = YES;
				CLANG_WARN_SUSPICIOUS_MOVE = YES;
				CLANG_WARN_UNGUARDED_AVAILABILITY = YES_AGGRESSIVE;
				CLANG_WARN_UNREACHABLE_CODE = YES;
				CLANG_WARN__DUPLICATE_METHOD_MATCH = YES;
				CODE_SIGN_IDENTITY = "iPhone Developer";
				COPY_PHASE_STRIP = NO;
				DEBUG_INFORMATION_FORMAT = "dwarf-with-dsym";
				ENABLE_NS_ASSERTIONS = NO;
				ENABLE_STRICT_OBJC_MSGSEND = YES;
				GCC_C_LANGUAGE_STANDARD = gnu11;
				GCC_NO_COMMON_BLOCKS = YES;
				GCC_WARN_64_TO_32_BIT_CONVERSION = YES;
				GCC_WARN_ABOUT_RETURN_TYPE = YES_ERROR;
				GCC_WARN_UNDECLARED_SELECTOR = YES;
				GCC_WARN_UNINITIALIZED_AUTOS = YES_AGGRESSIVE;
				GCC_WARN_UNUSED_FUNCTION = YES;
				GCC_WARN_UNUSED_VARIABLE = YES;
				IPHONEOS_DEPLOYMENT_TARGET = 12.2;
				MTL_ENABLE_DEBUG_INFO = NO;
				MTL_FAST_MATH = YES;
				SDKROOT = iphoneos;
				VALIDATE_PRODUCT = YES;
			};
			name = Release;
		};
		74B63E00229FC1CB000CF158 /* Debug */ = {
			isa = XCBuildConfiguration;
			baseConfigurationReference = CDDAF5C8376AA2A49D24CC07 /* Pods-ZXThemeDemo.debug.xcconfig */;
			buildSettings = {
				ASSETCATALOG_COMPILER_APPICON_NAME = AppIcon;
				CODE_SIGN_STYLE = Automatic;
				GCC_PREFIX_HEADER = "$(SRCROOT)/ZXThemeDemo/PrefixHeader.pch";
				INFOPLIST_FILE = ZXThemeDemo/Info.plist;
				IPHONEOS_DEPLOYMENT_TARGET = 9.0;
				LD_RUNPATH_SEARCH_PATHS = (
					"$(inherited)",
					"@executable_path/Frameworks",
				);
				PRODUCT_BUNDLE_IDENTIFIER = cn.zxlee.ZXThemeDemo;
				PRODUCT_NAME = "$(TARGET_NAME)";
				TARGETED_DEVICE_FAMILY = "1,2";
			};
			name = Debug;
		};
		74B63E01229FC1CB000CF158 /* Release */ = {
			isa = XCBuildConfiguration;
			baseConfigurationReference = B137A104C4B9142E7E3939CC /* Pods-ZXThemeDemo.release.xcconfig */;
			buildSettings = {
				ASSETCATALOG_COMPILER_APPICON_NAME = AppIcon;
				CODE_SIGN_STYLE = Automatic;
				GCC_PREFIX_HEADER = "$(SRCROOT)/ZXThemeDemo/PrefixHeader.pch";
				INFOPLIST_FILE = ZXThemeDemo/Info.plist;
				IPHONEOS_DEPLOYMENT_TARGET = 9.0;
				LD_RUNPATH_SEARCH_PATHS = (
					"$(inherited)",
					"@executable_path/Frameworks",
				);
				PRODUCT_BUNDLE_IDENTIFIER = cn.zxlee.ZXThemeDemo;
				PRODUCT_NAME = "$(TARGET_NAME)";
				TARGETED_DEVICE_FAMILY = "1,2";
			};
			name = Release;
		};
		74B63E03229FC1CB000CF158 /* Debug */ = {
			isa = XCBuildConfiguration;
			buildSettings = {
				BUNDLE_LOADER = "$(TEST_HOST)";
				CODE_SIGN_STYLE = Automatic;
				INFOPLIST_FILE = ZXThemeDemoTests/Info.plist;
				LD_RUNPATH_SEARCH_PATHS = (
					"$(inherited)",
					"@executable_path/Frameworks",
					"@loader_path/Frameworks",
				);
				PRODUCT_BUNDLE_IDENTIFIER = cn.zxlee.ZXThemeDemoTests;
				PRODUCT_NAME = "$(TARGET_NAME)";
				TARGETED_DEVICE_FAMILY = "1,2";
				TEST_HOST = "$(BUILT_PRODUCTS_DIR)/ZXThemeDemo.app/ZXThemeDemo";
			};
			name = Debug;
		};
		74B63E04229FC1CB000CF158 /* Release */ = {
			isa = XCBuildConfiguration;
			buildSettings = {
				BUNDLE_LOADER = "$(TEST_HOST)";
				CODE_SIGN_STYLE = Automatic;
				INFOPLIST_FILE = ZXThemeDemoTests/Info.plist;
				LD_RUNPATH_SEARCH_PATHS = (
					"$(inherited)",
					"@executable_path/Frameworks",
					"@loader_path/Frameworks",
				);
				PRODUCT_BUNDLE_IDENTIFIER = cn.zxlee.ZXThemeDemoTests;
				PRODUCT_NAME = "$(TARGET_NAME)";
				TARGETED_DEVICE_FAMILY = "1,2";
				TEST_HOST = "$(BUILT_PRODUCTS_DIR)/ZXThemeDemo.app/ZXThemeDemo";
			};
			name = Release;
		};
		74B63E06229FC1CB000CF158 /* Debug */ = {
			isa = XCBuildConfiguration;
			buildSettings = {
				CODE_SIGN_STYLE = Automatic;
				INFOPLIST_FILE = ZXThemeDemoUITests/Info.plist;
				LD_RUNPATH_SEARCH_PATHS = (
					"$(inherited)",
					"@executable_path/Frameworks",
					"@loader_path/Frameworks",
				);
				PRODUCT_BUNDLE_IDENTIFIER = cn.zxlee.ZXThemeDemoUITests;
				PRODUCT_NAME = "$(TARGET_NAME)";
				TARGETED_DEVICE_FAMILY = "1,2";
				TEST_TARGET_NAME = ZXThemeDemo;
			};
			name = Debug;
		};
		74B63E07229FC1CB000CF158 /* Release */ = {
			isa = XCBuildConfiguration;
			buildSettings = {
				CODE_SIGN_STYLE = Automatic;
				INFOPLIST_FILE = ZXThemeDemoUITests/Info.plist;
				LD_RUNPATH_SEARCH_PATHS = (
					"$(inherited)",
					"@executable_path/Frameworks",
					"@loader_path/Frameworks",
				);
				PRODUCT_BUNDLE_IDENTIFIER = cn.zxlee.ZXThemeDemoUITests;
				PRODUCT_NAME = "$(TARGET_NAME)";
				TARGETED_DEVICE_FAMILY = "1,2";
				TEST_TARGET_NAME = ZXThemeDemo;
			};
			name = Release;
		};
/* End XCBuildConfiguration section */

/* Begin XCConfigurationList section */
		74B63DCE229FC1C6000CF158 /* Build configuration list for PBXProject "ZXThemeDemo" */ = {
			isa = XCConfigurationList;
			buildConfigurations = (
				74B63DFD229FC1CB000CF158 /* Debug */,
				74B63DFE229FC1CB000CF158 /* Release */,
			);
			defaultConfigurationIsVisible = 0;
			defaultConfigurationName = Release;
		};
		74B63DFF229FC1CB000CF158 /* Build configuration list for PBXNativeTarget "ZXThemeDemo" */ = {
			isa = XCConfigurationList;
			buildConfigurations = (
				74B63E00229FC1CB000CF158 /* Debug */,
				74B63E01229FC1CB000CF158 /* Release */,
			);
			defaultConfigurationIsVisible = 0;
			defaultConfigurationName = Release;
		};
		74B63E02229FC1CB000CF158 /* Build configuration list for PBXNativeTarget "ZXThemeDemoTests" */ = {
			isa = XCConfigurationList;
			buildConfigurations = (
				74B63E03229FC1CB000CF158 /* Debug */,
				74B63E04229FC1CB000CF158 /* Release */,
			);
			defaultConfigurationIsVisible = 0;
			defaultConfigurationName = Release;
		};
		74B63E05229FC1CB000CF158 /* Build configuration list for PBXNativeTarget "ZXThemeDemoUITests" */ = {
			isa = XCConfigurationList;
			buildConfigurations = (
				74B63E06229FC1CB000CF158 /* Debug */,
				74B63E07229FC1CB000CF158 /* Release */,
			);
			defaultConfigurationIsVisible = 0;
			defaultConfigurationName = Release;
		};
/* End XCConfigurationList section */
	};
	rootObject = 74B63DCB229FC1C6000CF158 /* Project object */;
}
